// !$*UTF8*$!
{
	archiveVersion = 1;
	classes = {
	};
	objectVersion = 77;
	objects = {

/* Begin PBXBuildFile section */
		050BCEFD2D867F8800C05DE3 /* CNType.h in Headers */ = {isa = PBXBuildFile; fileRef = 050BCEFC2D867F8800C05DE3 /* CNType.h */; settings = {ATTRIBUTES = (Public, ); }; };
		050BCEFE2D867F8800C05DE3 /* CNType.h in Headers */ = {isa = PBXBuildFile; fileRef = 050BCEFC2D867F8800C05DE3 /* CNType.h */; settings = {ATTRIBUTES = (Public, ); }; };
		050BCEFF2D86C70300C05DE3 /* BasicKit.xcframework in Frameworks */ = {isa = PBXBuildFile; fileRef = 05C62FEC2D7C520C00C42DB7 /* BasicKit.xcframework */; };
		050BCF022D86D07E00C05DE3 /* CNValue.c in Sources */ = {isa = PBXBuildFile; fileRef = 050BCF012D86D07E00C05DE3 /* CNValue.c */; };
		050BCF032D86D07E00C05DE3 /* CNValue.h in Headers */ = {isa = PBXBuildFile; fileRef = 050BCF002D86D07E00C05DE3 /* CNValue.h */; settings = {ATTRIBUTES = (Public, ); }; };
		050BCF042D86D07E00C05DE3 /* CNValue.h in Headers */ = {isa = PBXBuildFile; fileRef = 050BCF002D86D07E00C05DE3 /* CNValue.h */; settings = {ATTRIBUTES = (Public, ); }; };
		050BCF052D86D07E00C05DE3 /* CNValue.c in Sources */ = {isa = PBXBuildFile; fileRef = 050BCF012D86D07E00C05DE3 /* CNValue.c */; };
		0510FBA72D7C533600AEE906 /* BasicKit.h in Headers */ = {isa = PBXBuildFile; fileRef = 0510FBA42D7C533600AEE906 /* BasicKit.h */; settings = {ATTRIBUTES = (Public, ); }; };
		0510FBB22D7C680500AEE906 /* BasicKit.h in Headers */ = {isa = PBXBuildFile; fileRef = 0510FBA42D7C533600AEE906 /* BasicKit.h */; settings = {ATTRIBUTES = (Public, ); }; };
		051697DF2D86664700628DF6 /* CNList.h in Headers */ = {isa = PBXBuildFile; fileRef = 051697DD2D86664700628DF6 /* CNList.h */; settings = {ATTRIBUTES = (Public, ); }; };
		051697E02D86664700628DF6 /* CNList.c in Sources */ = {isa = PBXBuildFile; fileRef = 051697DE2D86664700628DF6 /* CNList.c */; };
		051697E12D86664800628DF6 /* CNList.h in Headers */ = {isa = PBXBuildFile; fileRef = 051697DD2D86664700628DF6 /* CNList.h */; settings = {ATTRIBUTES = (Public, ); }; };
		051697E22D86664800628DF6 /* CNList.c in Sources */ = {isa = PBXBuildFile; fileRef = 051697DE2D86664700628DF6 /* CNList.c */; };
		0517F7412DB3AFF5001BF46B /* CNValueList.h in Headers */ = {isa = PBXBuildFile; fileRef = 0517F73F2DB3AFF5001BF46B /* CNValueList.h */; settings = {ATTRIBUTES = (Public, ); }; };
		0517F7422DB3AFF5001BF46B /* CNValueList.c in Sources */ = {isa = PBXBuildFile; fileRef = 0517F7402DB3AFF5001BF46B /* CNValueList.c */; };
		0517F7432DB3AFF5001BF46B /* CNValueList.h in Headers */ = {isa = PBXBuildFile; fileRef = 0517F73F2DB3AFF5001BF46B /* CNValueList.h */; settings = {ATTRIBUTES = (Public, ); }; };
		0517F7442DB3AFF5001BF46B /* CNValueList.c in Sources */ = {isa = PBXBuildFile; fileRef = 0517F7402DB3AFF5001BF46B /* CNValueList.c */; };
		052A88C02D9ECC3200C93B31 /* CNDictionary.c in Sources */ = {isa = PBXBuildFile; fileRef = 052A88BF2D9ECC3200C93B31 /* CNDictionary.c */; };
		052A88C12D9ECC3200C93B31 /* CNDictionary.h in Headers */ = {isa = PBXBuildFile; fileRef = 052A88BE2D9ECC3200C93B31 /* CNDictionary.h */; settings = {ATTRIBUTES = (Public, ); }; };
		052A88C22D9ECC3200C93B31 /* CNDictionary.c in Sources */ = {isa = PBXBuildFile; fileRef = 052A88BF2D9ECC3200C93B31 /* CNDictionary.c */; };
		052A88C32D9ECC3200C93B31 /* CNDictionary.h in Headers */ = {isa = PBXBuildFile; fileRef = 052A88BE2D9ECC3200C93B31 /* CNDictionary.h */; settings = {ATTRIBUTES = (Public, ); }; };
		05A086912D7C31C600A3DEA5 /* BSBasicEngine.h in Headers */ = {isa = PBXBuildFile; fileRef = 05A0868F2D7C31C600A3DEA5 /* BSBasicEngine.h */; settings = {ATTRIBUTES = (Public, ); }; };
		05A086922D7C31C600A3DEA5 /* BSBasicEngine.m in Sources */ = {isa = PBXBuildFile; fileRef = 05A086902D7C31C600A3DEA5 /* BSBasicEngine.m */; };
		05A086932D7C31C600A3DEA5 /* BSBasicEngine.m in Sources */ = {isa = PBXBuildFile; fileRef = 05A086902D7C31C600A3DEA5 /* BSBasicEngine.m */; };
		05A086942D7C31C600A3DEA5 /* BSBasicEngine.h in Headers */ = {isa = PBXBuildFile; fileRef = 05A0868F2D7C31C600A3DEA5 /* BSBasicEngine.h */; settings = {ATTRIBUTES = (Public, ); }; };
		05AE4AEE2D9449D20095BD66 /* CNScalarPool.h in Headers */ = {isa = PBXBuildFile; fileRef = 05AE4AEC2D9449D20095BD66 /* CNScalarPool.h */; settings = {ATTRIBUTES = (Public, ); }; };
		05AE4AEF2D9449D20095BD66 /* CNScalarPool.c in Sources */ = {isa = PBXBuildFile; fileRef = 05AE4AED2D9449D20095BD66 /* CNScalarPool.c */; };
		05AE4AF02D9449D20095BD66 /* CNScalarPool.c in Sources */ = {isa = PBXBuildFile; fileRef = 05AE4AED2D9449D20095BD66 /* CNScalarPool.c */; };
		05AE4AF12D9449D20095BD66 /* CNScalarPool.h in Headers */ = {isa = PBXBuildFile; fileRef = 05AE4AEC2D9449D20095BD66 /* CNScalarPool.h */; settings = {ATTRIBUTES = (Public, ); }; };
		05AE4AF42D9453290095BD66 /* CNString.c in Sources */ = {isa = PBXBuildFile; fileRef = 05AE4AF32D9453290095BD66 /* CNString.c */; };
		05AE4AF52D9453290095BD66 /* CNString.h in Headers */ = {isa = PBXBuildFile; fileRef = 05AE4AF22D9453290095BD66 /* CNString.h */; settings = {ATTRIBUTES = (Public, ); }; };
		05AE4AF62D9453290095BD66 /* CNString.c in Sources */ = {isa = PBXBuildFile; fileRef = 05AE4AF32D9453290095BD66 /* CNString.c */; };
		05AE4AF72D9453290095BD66 /* CNString.h in Headers */ = {isa = PBXBuildFile; fileRef = 05AE4AF22D9453290095BD66 /* CNString.h */; settings = {ATTRIBUTES = (Public, ); }; };
		05AE4B052D959E410095BD66 /* CNHeader.h in Headers */ = {isa = PBXBuildFile; fileRef = 05AE4B042D959E410095BD66 /* CNHeader.h */; settings = {ATTRIBUTES = (Public, ); }; };
		05AE4B062D959E410095BD66 /* CNHeader.h in Headers */ = {isa = PBXBuildFile; fileRef = 05AE4B042D959E410095BD66 /* CNHeader.h */; settings = {ATTRIBUTES = (Public, ); }; };
		05B2DA662D9674D9006A75F1 /* CNArray.c in Sources */ = {isa = PBXBuildFile; fileRef = 05B2DA652D9674D9006A75F1 /* CNArray.c */; };
		05B2DA672D9674D9006A75F1 /* CNArray.h in Headers */ = {isa = PBXBuildFile; fileRef = 05B2DA642D9674D9006A75F1 /* CNArray.h */; settings = {ATTRIBUTES = (Public, ); }; };
		05B2DA682D9674D9006A75F1 /* CNArray.c in Sources */ = {isa = PBXBuildFile; fileRef = 05B2DA652D9674D9006A75F1 /* CNArray.c */; };
		05B2DA692D9674D9006A75F1 /* CNArray.h in Headers */ = {isa = PBXBuildFile; fileRef = 05B2DA642D9674D9006A75F1 /* CNArray.h */; settings = {ATTRIBUTES = (Public, ); }; };
		05B2DA6D2D96D996006A75F1 /* CNArrayPool.h in Headers */ = {isa = PBXBuildFile; fileRef = 05B2DA6A2D96D996006A75F1 /* CNArrayPool.h */; settings = {ATTRIBUTES = (Public, ); }; };
		05B2DA6F2D96D996006A75F1 /* CNArrayPool.h in Headers */ = {isa = PBXBuildFile; fileRef = 05B2DA6A2D96D996006A75F1 /* CNArrayPool.h */; settings = {ATTRIBUTES = (Public, ); }; };
		05B2DA722D9769FF006A75F1 /* CNPagePool.c in Sources */ = {isa = PBXBuildFile; fileRef = 05B2DA712D9769FF006A75F1 /* CNPagePool.c */; };
		05B2DA732D9769FF006A75F1 /* CNPagePool.h in Headers */ = {isa = PBXBuildFile; fileRef = 05B2DA702D9769FF006A75F1 /* CNPagePool.h */; settings = {ATTRIBUTES = (Public, ); }; };
		05B2DA742D9769FF006A75F1 /* CNPagePool.c in Sources */ = {isa = PBXBuildFile; fileRef = 05B2DA712D9769FF006A75F1 /* CNPagePool.c */; };
		05B2DA752D9769FF006A75F1 /* CNPagePool.h in Headers */ = {isa = PBXBuildFile; fileRef = 05B2DA702D9769FF006A75F1 /* CNPagePool.h */; settings = {ATTRIBUTES = (Public, ); }; };
		05B2DA782D97F5C7006A75F1 /* CNUtils.c in Sources */ = {isa = PBXBuildFile; fileRef = 05B2DA772D97F5C7006A75F1 /* CNUtils.c */; };
		05B2DA792D97F5C7006A75F1 /* CNUtils.h in Headers */ = {isa = PBXBuildFile; fileRef = 05B2DA762D97F5C7006A75F1 /* CNUtils.h */; settings = {ATTRIBUTES = (Private, ); }; };
		05B2DA7A2D97F5C7006A75F1 /* CNUtils.c in Sources */ = {isa = PBXBuildFile; fileRef = 05B2DA772D97F5C7006A75F1 /* CNUtils.c */; };
		05B2DA7B2D97F5C7006A75F1 /* CNUtils.h in Headers */ = {isa = PBXBuildFile; fileRef = 05B2DA762D97F5C7006A75F1 /* CNUtils.h */; settings = {ATTRIBUTES = (Private, ); }; };
		05B2DA832D98BAE3006A75F1 /* CNArrayPool.c in Sources */ = {isa = PBXBuildFile; fileRef = 05B2DA822D98BAE3006A75F1 /* CNArrayPool.c */; };
		05B2DA842D98BAE3006A75F1 /* CNArrayPool.c in Sources */ = {isa = PBXBuildFile; fileRef = 05B2DA822D98BAE3006A75F1 /* CNArrayPool.c */; };
		05E524C62DA9E21000E069EB /* CNValuePool.h in Headers */ = {isa = PBXBuildFile; fileRef = 05E524C42DA9E21000E069EB /* CNValuePool.h */; settings = {ATTRIBUTES = (Public, ); }; };
		05E524C72DA9E21000E069EB /* CNValuePool.c in Sources */ = {isa = PBXBuildFile; fileRef = 05E524C52DA9E21000E069EB /* CNValuePool.c */; };
		05E524C82DA9E21000E069EB /* CNValuePool.c in Sources */ = {isa = PBXBuildFile; fileRef = 05E524C52DA9E21000E069EB /* CNValuePool.c */; };
		05E524C92DA9E21000E069EB /* CNValuePool.h in Headers */ = {isa = PBXBuildFile; fileRef = 05E524C42DA9E21000E069EB /* CNValuePool.h */; settings = {ATTRIBUTES = (Public, ); }; };
		05E524CC2DAB5C1800E069EB /* ArisiaBasic-Lex.l in Sources */ = {isa = PBXBuildFile; fileRef = 05E524CB2DAB5C1800E069EB /* ArisiaBasic-Lex.l */; };
		05E524CD2DAB5C1800E069EB /* ArisiaBasic-Lex.l in Sources */ = {isa = PBXBuildFile; fileRef = 05E524CB2DAB5C1800E069EB /* ArisiaBasic-Lex.l */; };
		05E524CF2DAB5CA000E069EB /* ArisiaBasic-Yacc.y in Sources */ = {isa = PBXBuildFile; fileRef = 05E524CE2DAB5CA000E069EB /* ArisiaBasic-Yacc.y */; };
		05E524D02DAB5CA000E069EB /* ArisiaBasic-Yacc.y in Sources */ = {isa = PBXBuildFile; fileRef = 05E524CE2DAB5CA000E069EB /* ArisiaBasic-Yacc.y */; };
		05E524E02DAB904E00E069EB /* CNIterators.c in Sources */ = {isa = PBXBuildFile; fileRef = 05E524DF2DAB904E00E069EB /* CNIterators.c */; };
		05E524E12DAB904E00E069EB /* CNIterators.h in Headers */ = {isa = PBXBuildFile; fileRef = 05E524DE2DAB904E00E069EB /* CNIterators.h */; settings = {ATTRIBUTES = (Public, ); }; };
		05E524E22DAB904E00E069EB /* CNIterators.h in Headers */ = {isa = PBXBuildFile; fileRef = 05E524DE2DAB904E00E069EB /* CNIterators.h */; settings = {ATTRIBUTES = (Public, ); }; };
		05E524E32DAB904E00E069EB /* CNIterators.c in Sources */ = {isa = PBXBuildFile; fileRef = 05E524DF2DAB904E00E069EB /* CNIterators.c */; };
		05F07E802DA12FBA00CDD7B6 /* CNInterface.c in Sources */ = {isa = PBXBuildFile; fileRef = 05F07E7F2DA12FBA00CDD7B6 /* CNInterface.c */; };
		05F07E812DA12FBA00CDD7B6 /* CNInterface.h in Headers */ = {isa = PBXBuildFile; fileRef = 05F07E7E2DA12FBA00CDD7B6 /* CNInterface.h */; settings = {ATTRIBUTES = (Public, ); }; };
		05F07E822DA12FBA00CDD7B6 /* CNInterface.h in Headers */ = {isa = PBXBuildFile; fileRef = 05F07E7E2DA12FBA00CDD7B6 /* CNInterface.h */; settings = {ATTRIBUTES = (Public, ); }; };
		05F07E832DA12FBA00CDD7B6 /* CNInterface.c in Sources */ = {isa = PBXBuildFile; fileRef = 05F07E7F2DA12FBA00CDD7B6 /* CNInterface.c */; };
/* End PBXBuildFile section */

/* Begin PBXContainerItemProxy section */
		05C62FD12D7C4F8D00C42DB7 /* PBXContainerItemProxy */ = {
			isa = PBXContainerItemProxy;
			containerPortal = 050070D52D7C2DF700C9449B /* Project object */;
			proxyType = 1;
			remoteGlobalIDString = 05A086832D7C30CD00A3DEA5;
			remoteInfo = BasicKit_iOS;
		};
		05C62FD32D7C4F8D00C42DB7 /* PBXContainerItemProxy */ = {
			isa = PBXContainerItemProxy;
			containerPortal = 050070D52D7C2DF700C9449B /* Project object */;
			proxyType = 1;
			remoteGlobalIDString = 050070DD2D7C2DF700C9449B;
			remoteInfo = BasicKit_macOS;
		};
/* End PBXContainerItemProxy section */

/* Begin PBXCopyFilesBuildPhase section */
		051697E52D86705800628DF6 /* CopyFiles */ = {
			isa = PBXCopyFilesBuildPhase;
			buildActionMask = 2147483647;
			dstPath = /usr/share/man/man1/;
			dstSubfolderSpec = 0;
			files = (
			);
			runOnlyForDeploymentPostprocessing = 1;
		};
/* End PBXCopyFilesBuildPhase section */

/* Begin PBXFileReference section */
		050070DE2D7C2DF700C9449B /* BasicKit.framework */ = {isa = PBXFileReference; explicitFileType = wrapper.framework; includeInIndex = 0; path = BasicKit.framework; sourceTree = BUILT_PRODUCTS_DIR; };
		050BCEFC2D867F8800C05DE3 /* CNType.h */ = {isa = PBXFileReference; lastKnownFileType = sourcecode.c.h; path = CNType.h; sourceTree = "<group>"; };
		050BCF002D86D07E00C05DE3 /* CNValue.h */ = {isa = PBXFileReference; lastKnownFileType = sourcecode.c.h; path = CNValue.h; sourceTree = "<group>"; };
		050BCF012D86D07E00C05DE3 /* CNValue.c */ = {isa = PBXFileReference; lastKnownFileType = sourcecode.c.c; path = CNValue.c; sourceTree = "<group>"; };
		0510FBA42D7C533600AEE906 /* BasicKit.h */ = {isa = PBXFileReference; lastKnownFileType = sourcecode.c.h; path = BasicKit.h; sourceTree = "<group>"; };
		051697DD2D86664700628DF6 /* CNList.h */ = {isa = PBXFileReference; lastKnownFileType = sourcecode.c.h; path = CNList.h; sourceTree = "<group>"; };
		051697DE2D86664700628DF6 /* CNList.c */ = {isa = PBXFileReference; lastKnownFileType = sourcecode.c.c; path = CNList.c; sourceTree = "<group>"; };
		051697E72D86705800628DF6 /* UnitTest */ = {isa = PBXFileReference; explicitFileType = "compiled.mach-o.executable"; includeInIndex = 0; path = UnitTest; sourceTree = BUILT_PRODUCTS_DIR; };
		0517F73F2DB3AFF5001BF46B /* CNValueList.h */ = {isa = PBXFileReference; lastKnownFileType = sourcecode.c.h; path = CNValueList.h; sourceTree = "<group>"; };
		0517F7402DB3AFF5001BF46B /* CNValueList.c */ = {isa = PBXFileReference; lastKnownFileType = sourcecode.c.c; path = CNValueList.c; sourceTree = "<group>"; };
		052A88BE2D9ECC3200C93B31 /* CNDictionary.h */ = {isa = PBXFileReference; lastKnownFileType = sourcecode.c.h; path = CNDictionary.h; sourceTree = "<group>"; };
		052A88BF2D9ECC3200C93B31 /* CNDictionary.c */ = {isa = PBXFileReference; lastKnownFileType = sourcecode.c.c; path = CNDictionary.c; sourceTree = "<group>"; };
		05A086842D7C30CD00A3DEA5 /* BasicKit.framework */ = {isa = PBXFileReference; explicitFileType = wrapper.framework; includeInIndex = 0; path = BasicKit.framework; sourceTree = BUILT_PRODUCTS_DIR; };
		05A0868F2D7C31C600A3DEA5 /* BSBasicEngine.h */ = {isa = PBXFileReference; lastKnownFileType = sourcecode.c.h; path = BSBasicEngine.h; sourceTree = "<group>"; };
		05A086902D7C31C600A3DEA5 /* BSBasicEngine.m */ = {isa = PBXFileReference; lastKnownFileType = sourcecode.c.objc; path = BSBasicEngine.m; sourceTree = "<group>"; };
		05AE4AEC2D9449D20095BD66 /* CNScalarPool.h */ = {isa = PBXFileReference; lastKnownFileType = sourcecode.c.h; path = CNScalarPool.h; sourceTree = "<group>"; };
		05AE4AED2D9449D20095BD66 /* CNScalarPool.c */ = {isa = PBXFileReference; lastKnownFileType = sourcecode.c.c; path = CNScalarPool.c; sourceTree = "<group>"; };
		05AE4AF22D9453290095BD66 /* CNString.h */ = {isa = PBXFileReference; lastKnownFileType = sourcecode.c.h; path = CNString.h; sourceTree = "<group>"; };
		05AE4AF32D9453290095BD66 /* CNString.c */ = {isa = PBXFileReference; lastKnownFileType = sourcecode.c.c; path = CNString.c; sourceTree = "<group>"; };
		05AE4B042D959E410095BD66 /* CNHeader.h */ = {isa = PBXFileReference; lastKnownFileType = sourcecode.c.h; path = CNHeader.h; sourceTree = "<group>"; };
		05B2DA642D9674D9006A75F1 /* CNArray.h */ = {isa = PBXFileReference; lastKnownFileType = sourcecode.c.h; path = CNArray.h; sourceTree = "<group>"; };
		05B2DA652D9674D9006A75F1 /* CNArray.c */ = {isa = PBXFileReference; lastKnownFileType = sourcecode.c.c; path = CNArray.c; sourceTree = "<group>"; };
		05B2DA6A2D96D996006A75F1 /* CNArrayPool.h */ = {isa = PBXFileReference; lastKnownFileType = sourcecode.c.h; path = CNArrayPool.h; sourceTree = "<group>"; };
		05B2DA702D9769FF006A75F1 /* CNPagePool.h */ = {isa = PBXFileReference; lastKnownFileType = sourcecode.c.h; path = CNPagePool.h; sourceTree = "<group>"; };
		05B2DA712D9769FF006A75F1 /* CNPagePool.c */ = {isa = PBXFileReference; lastKnownFileType = sourcecode.c.c; path = CNPagePool.c; sourceTree = "<group>"; };
		05B2DA762D97F5C7006A75F1 /* CNUtils.h */ = {isa = PBXFileReference; lastKnownFileType = sourcecode.c.h; path = CNUtils.h; sourceTree = "<group>"; };
		05B2DA772D97F5C7006A75F1 /* CNUtils.c */ = {isa = PBXFileReference; lastKnownFileType = sourcecode.c.c; path = CNUtils.c; sourceTree = "<group>"; };
		05B2DA822D98BAE3006A75F1 /* CNArrayPool.c */ = {isa = PBXFileReference; lastKnownFileType = sourcecode.c.c; path = CNArrayPool.c; sourceTree = "<group>"; };
		05C62FEC2D7C520C00C42DB7 /* BasicKit.xcframework */ = {isa = PBXFileReference; lastKnownFileType = wrapper.xcframework; name = BasicKit.xcframework; path = ../../../Library/Frameworks/BasicKit.xcframework; sourceTree = "<group>"; };
		05E524C42DA9E21000E069EB /* CNValuePool.h */ = {isa = PBXFileReference; lastKnownFileType = sourcecode.c.h; path = CNValuePool.h; sourceTree = "<group>"; };
		05E524C52DA9E21000E069EB /* CNValuePool.c */ = {isa = PBXFileReference; lastKnownFileType = sourcecode.c.c; path = CNValuePool.c; sourceTree = "<group>"; };
		05E524CB2DAB5C1800E069EB /* ArisiaBasic-Lex.l */ = {isa = PBXFileReference; lastKnownFileType = sourcecode.lex; path = "ArisiaBasic-Lex.l"; sourceTree = "<group>"; };
		05E524CE2DAB5CA000E069EB /* ArisiaBasic-Yacc.y */ = {isa = PBXFileReference; lastKnownFileType = sourcecode.yacc; path = "ArisiaBasic-Yacc.y"; sourceTree = "<group>"; };
		05E524DE2DAB904E00E069EB /* CNIterators.h */ = {isa = PBXFileReference; lastKnownFileType = sourcecode.c.h; path = CNIterators.h; sourceTree = "<group>"; };
		05E524DF2DAB904E00E069EB /* CNIterators.c */ = {isa = PBXFileReference; lastKnownFileType = sourcecode.c.c; path = CNIterators.c; sourceTree = "<group>"; };
		05F07E7E2DA12FBA00CDD7B6 /* CNInterface.h */ = {isa = PBXFileReference; lastKnownFileType = sourcecode.c.h; path = CNInterface.h; sourceTree = "<group>"; };
		05F07E7F2DA12FBA00CDD7B6 /* CNInterface.c */ = {isa = PBXFileReference; lastKnownFileType = sourcecode.c.c; path = CNInterface.c; sourceTree = "<group>"; };
/* End PBXFileReference section */

/* Begin PBXFileSystemSynchronizedRootGroup section */
		050070E02D7C2DF700C9449B /* BasicKit_macOS */ = {
			isa = PBXFileSystemSynchronizedRootGroup;
			path = BasicKit_macOS;
			sourceTree = "<group>";
		};
		051697E82D86705800628DF6 /* UnitTest */ = {
			isa = PBXFileSystemSynchronizedRootGroup;
			path = UnitTest;
			sourceTree = "<group>";
		};
		05A086852D7C30CD00A3DEA5 /* BasicKit_iOS */ = {
			isa = PBXFileSystemSynchronizedRootGroup;
			path = BasicKit_iOS;
			sourceTree = "<group>";
		};
/* End PBXFileSystemSynchronizedRootGroup section */

/* Begin PBXFrameworksBuildPhase section */
		050070DB2D7C2DF700C9449B /* Frameworks */ = {
			isa = PBXFrameworksBuildPhase;
			buildActionMask = 2147483647;
			files = (
			);
			runOnlyForDeploymentPostprocessing = 0;
		};
		051697E42D86705800628DF6 /* Frameworks */ = {
			isa = PBXFrameworksBuildPhase;
			buildActionMask = 2147483647;
			files = (
				050BCEFF2D86C70300C05DE3 /* BasicKit.xcframework in Frameworks */,
			);
			runOnlyForDeploymentPostprocessing = 0;
		};
		05A086812D7C30CD00A3DEA5 /* Frameworks */ = {
			isa = PBXFrameworksBuildPhase;
			buildActionMask = 2147483647;
			files = (
			);
			runOnlyForDeploymentPostprocessing = 0;
		};
/* End PBXFrameworksBuildPhase section */

/* Begin PBXGroup section */
		050070D42D7C2DF700C9449B = {
			isa = PBXGroup;
			children = (
				050070E02D7C2DF700C9449B /* BasicKit_macOS */,
				05A086852D7C30CD00A3DEA5 /* BasicKit_iOS */,
				05A0868E2D7C316400A3DEA5 /* Source */,
				05C62FE82D7C50F800C42DB7 /* Test */,
				05C62FEB2D7C520C00C42DB7 /* Frameworks */,
				050070DF2D7C2DF700C9449B /* Products */,
			);
			sourceTree = "<group>";
		};
		050070DF2D7C2DF700C9449B /* Products */ = {
			isa = PBXGroup;
			children = (
				050070DE2D7C2DF700C9449B /* BasicKit.framework */,
				05A086842D7C30CD00A3DEA5 /* BasicKit.framework */,
				051697E72D86705800628DF6 /* UnitTest */,
			);
			name = Products;
			sourceTree = "<group>";
		};
		051697D92D86657D00628DF6 /* Data */ = {
			isa = PBXGroup;
			children = (
				050BCEFC2D867F8800C05DE3 /* CNType.h */,
				05E524DE2DAB904E00E069EB /* CNIterators.h */,
				05E524DF2DAB904E00E069EB /* CNIterators.c */,
				05AE4AF22D9453290095BD66 /* CNString.h */,
				05AE4AF32D9453290095BD66 /* CNString.c */,
				05B2DA642D9674D9006A75F1 /* CNArray.h */,
				05B2DA652D9674D9006A75F1 /* CNArray.c */,
				052A88BE2D9ECC3200C93B31 /* CNDictionary.h */,
				052A88BF2D9ECC3200C93B31 /* CNDictionary.c */,
				0517F73F2DB3AFF5001BF46B /* CNValueList.h */,
				0517F7402DB3AFF5001BF46B /* CNValueList.c */,
				050BCF002D86D07E00C05DE3 /* CNValue.h */,
				050BCF012D86D07E00C05DE3 /* CNValue.c */,
				05E524C42DA9E21000E069EB /* CNValuePool.h */,
				05E524C52DA9E21000E069EB /* CNValuePool.c */,
				05B2DA6A2D96D996006A75F1 /* CNArrayPool.h */,
				05B2DA822D98BAE3006A75F1 /* CNArrayPool.c */,
				05AE4AEC2D9449D20095BD66 /* CNScalarPool.h */,
				05AE4AED2D9449D20095BD66 /* CNScalarPool.c */,
				05B2DA702D9769FF006A75F1 /* CNPagePool.h */,
				05B2DA712D9769FF006A75F1 /* CNPagePool.c */,
				051697DD2D86664700628DF6 /* CNList.h */,
				051697DE2D86664700628DF6 /* CNList.c */,
				05B2DA762D97F5C7006A75F1 /* CNUtils.h */,
				05B2DA772D97F5C7006A75F1 /* CNUtils.c */,
			);
			path = Data;
			sourceTree = "<group>";
		};
		05A0868E2D7C316400A3DEA5 /* Source */ = {
			isa = PBXGroup;
			children = (
				0510FBA42D7C533600AEE906 /* BasicKit.h */,
				05AE4B042D959E410095BD66 /* CNHeader.h */,
				05A0868F2D7C31C600A3DEA5 /* BSBasicEngine.h */,
				05A086902D7C31C600A3DEA5 /* BSBasicEngine.m */,
				05E524CA2DAB5B9A00E069EB /* Parser */,
				05F07E7D2DA12F9200CDD7B6 /* Interface */,
				051697D92D86657D00628DF6 /* Data */,
			);
			name = Source;
			path = ../Source;
			sourceTree = "<group>";
		};
		05C62FE82D7C50F800C42DB7 /* Test */ = {
			isa = PBXGroup;
			children = (
				051697E82D86705800628DF6 /* UnitTest */,
			);
			name = Test;
			path = ../Test;
			sourceTree = "<group>";
		};
		05C62FEB2D7C520C00C42DB7 /* Frameworks */ = {
			isa = PBXGroup;
			children = (
				05C62FEC2D7C520C00C42DB7 /* BasicKit.xcframework */,
			);
			name = Frameworks;
			sourceTree = "<group>";
		};
		05E524CA2DAB5B9A00E069EB /* Parser */ = {
			isa = PBXGroup;
			children = (
				05E524CE2DAB5CA000E069EB /* ArisiaBasic-Yacc.y */,
				05E524CB2DAB5C1800E069EB /* ArisiaBasic-Lex.l */,
			);
			path = Parser;
			sourceTree = "<group>";
		};
		05F07E7D2DA12F9200CDD7B6 /* Interface */ = {
			isa = PBXGroup;
			children = (
				05F07E7E2DA12FBA00CDD7B6 /* CNInterface.h */,
				05F07E7F2DA12FBA00CDD7B6 /* CNInterface.c */,
			);
			path = Interface;
			sourceTree = "<group>";
		};
/* End PBXGroup section */

/* Begin PBXHeadersBuildPhase section */
		050070D92D7C2DF700C9449B /* Headers */ = {
			isa = PBXHeadersBuildPhase;
			buildActionMask = 2147483647;
			files = (
				051697DF2D86664700628DF6 /* CNList.h in Headers */,
				05B2DA672D9674D9006A75F1 /* CNArray.h in Headers */,
				050BCEFE2D867F8800C05DE3 /* CNType.h in Headers */,
				0510FBB22D7C680500AEE906 /* BasicKit.h in Headers */,
				05A086912D7C31C600A3DEA5 /* BSBasicEngine.h in Headers */,
				05AE4AF52D9453290095BD66 /* CNString.h in Headers */,
				05AE4B052D959E410095BD66 /* CNHeader.h in Headers */,
				05B2DA6D2D96D996006A75F1 /* CNArrayPool.h in Headers */,
				05B2DA732D9769FF006A75F1 /* CNPagePool.h in Headers */,
				05AE4AEE2D9449D20095BD66 /* CNScalarPool.h in Headers */,
				05F07E812DA12FBA00CDD7B6 /* CNInterface.h in Headers */,
				05E524C62DA9E21000E069EB /* CNValuePool.h in Headers */,
				052A88C32D9ECC3200C93B31 /* CNDictionary.h in Headers */,
				05E524E22DAB904E00E069EB /* CNIterators.h in Headers */,
				0517F7432DB3AFF5001BF46B /* CNValueList.h in Headers */,
				050BCF032D86D07E00C05DE3 /* CNValue.h in Headers */,
				05B2DA7B2D97F5C7006A75F1 /* CNUtils.h in Headers */,
			);
			runOnlyForDeploymentPostprocessing = 0;
		};
		05A0867F2D7C30CD00A3DEA5 /* Headers */ = {
			isa = PBXHeadersBuildPhase;
			buildActionMask = 2147483647;
			files = (
				0510FBA72D7C533600AEE906 /* BasicKit.h in Headers */,
				05A086942D7C31C600A3DEA5 /* BSBasicEngine.h in Headers */,
				051697E12D86664800628DF6 /* CNList.h in Headers */,
				05AE4AF72D9453290095BD66 /* CNString.h in Headers */,
				050BCEFD2D867F8800C05DE3 /* CNType.h in Headers */,
				05B2DA692D9674D9006A75F1 /* CNArray.h in Headers */,
				05B2DA6F2D96D996006A75F1 /* CNArrayPool.h in Headers */,
				05B2DA752D9769FF006A75F1 /* CNPagePool.h in Headers */,
				05AE4AF12D9449D20095BD66 /* CNScalarPool.h in Headers */,
				052A88C12D9ECC3200C93B31 /* CNDictionary.h in Headers */,
				05F07E822DA12FBA00CDD7B6 /* CNInterface.h in Headers */,
				05E524C92DA9E21000E069EB /* CNValuePool.h in Headers */,
				05E524E12DAB904E00E069EB /* CNIterators.h in Headers */,
				05AE4B062D959E410095BD66 /* CNHeader.h in Headers */,
				050BCF042D86D07E00C05DE3 /* CNValue.h in Headers */,
				0517F7412DB3AFF5001BF46B /* CNValueList.h in Headers */,
				05B2DA792D97F5C7006A75F1 /* CNUtils.h in Headers */,
			);
			runOnlyForDeploymentPostprocessing = 0;
		};
/* End PBXHeadersBuildPhase section */

/* Begin PBXLegacyTarget section */
		05C62FCD2D7C4F7400C42DB7 /* Install */ = {
			isa = PBXLegacyTarget;
			buildArgumentsString = "-f ../Script/install.mk";
			buildConfigurationList = 05C62FCE2D7C4F7400C42DB7 /* Build configuration list for PBXLegacyTarget "Install" */;
			buildPhases = (
			);
			buildToolPath = /usr/bin/make;
			buildWorkingDirectory = "";
			dependencies = (
				05C62FD22D7C4F8D00C42DB7 /* PBXTargetDependency */,
				05C62FD42D7C4F8D00C42DB7 /* PBXTargetDependency */,
			);
			name = Install;
			packageProductDependencies = (
			);
			passBuildSettingsInEnvironment = 1;
			productName = Install;
		};
/* End PBXLegacyTarget section */

/* Begin PBXNativeTarget section */
		050070DD2D7C2DF700C9449B /* BasicKit_macOS */ = {
			isa = PBXNativeTarget;
			buildConfigurationList = 050070E62D7C2DF700C9449B /* Build configuration list for PBXNativeTarget "BasicKit_macOS" */;
			buildPhases = (
				050070D92D7C2DF700C9449B /* Headers */,
				050070DA2D7C2DF700C9449B /* Sources */,
				050070DB2D7C2DF700C9449B /* Frameworks */,
				050070DC2D7C2DF700C9449B /* Resources */,
			);
			buildRules = (
			);
			dependencies = (
			);
			fileSystemSynchronizedGroups = (
				050070E02D7C2DF700C9449B /* BasicKit_macOS */,
			);
			name = BasicKit_macOS;
			packageProductDependencies = (
			);
			productName = BasicKit;
			productReference = 050070DE2D7C2DF700C9449B /* BasicKit.framework */;
			productType = "com.apple.product-type.framework";
		};
		051697E62D86705800628DF6 /* UnitTest */ = {
			isa = PBXNativeTarget;
			buildConfigurationList = 051697EB2D86705800628DF6 /* Build configuration list for PBXNativeTarget "UnitTest" */;
			buildPhases = (
				051697E32D86705800628DF6 /* Sources */,
				051697E42D86705800628DF6 /* Frameworks */,
				051697E52D86705800628DF6 /* CopyFiles */,
			);
			buildRules = (
			);
			dependencies = (
			);
			fileSystemSynchronizedGroups = (
				051697E82D86705800628DF6 /* UnitTest */,
			);
			name = UnitTest;
			packageProductDependencies = (
			);
			productName = UnitTest;
			productReference = 051697E72D86705800628DF6 /* UnitTest */;
			productType = "com.apple.product-type.tool";
		};
		05A086832D7C30CD00A3DEA5 /* BasicKit_iOS */ = {
			isa = PBXNativeTarget;
			buildConfigurationList = 05A0868B2D7C30CD00A3DEA5 /* Build configuration list for PBXNativeTarget "BasicKit_iOS" */;
			buildPhases = (
				05A0867F2D7C30CD00A3DEA5 /* Headers */,
				05A086802D7C30CD00A3DEA5 /* Sources */,
				05A086812D7C30CD00A3DEA5 /* Frameworks */,
				05A086822D7C30CD00A3DEA5 /* Resources */,
			);
			buildRules = (
			);
			dependencies = (
			);
			fileSystemSynchronizedGroups = (
				05A086852D7C30CD00A3DEA5 /* BasicKit_iOS */,
			);
			name = BasicKit_iOS;
			packageProductDependencies = (
			);
			productName = BasicKit;
			productReference = 05A086842D7C30CD00A3DEA5 /* BasicKit.framework */;
			productType = "com.apple.product-type.framework";
		};
/* End PBXNativeTarget section */

/* Begin PBXProject section */
		050070D52D7C2DF700C9449B /* Project object */ = {
			isa = PBXProject;
			attributes = {
				BuildIndependentTargetsInParallel = 1;
				LastSwiftUpdateCheck = 1620;
				LastUpgradeCheck = 1630;
				TargetAttributes = {
					050070DD2D7C2DF700C9449B = {
						CreatedOnToolsVersion = 16.2;
						LastSwiftMigration = 1620;
					};
					051697E62D86705800628DF6 = {
						CreatedOnToolsVersion = 16.2;
						LastSwiftMigration = 1620;
					};
					05A086832D7C30CD00A3DEA5 = {
						CreatedOnToolsVersion = 16.2;
						LastSwiftMigration = 1620;
					};
					05C62FCD2D7C4F7400C42DB7 = {
						CreatedOnToolsVersion = 16.2;
					};
				};
			};
			buildConfigurationList = 050070D82D7C2DF700C9449B /* Build configuration list for PBXProject "BasicKit" */;
			developmentRegion = en;
			hasScannedForEncodings = 0;
			knownRegions = (
				en,
				Base,
			);
			mainGroup = 050070D42D7C2DF700C9449B;
			minimizedProjectReferenceProxies = 1;
			preferredProjectObjectVersion = 77;
			productRefGroup = 050070DF2D7C2DF700C9449B /* Products */;
			projectDirPath = "";
			projectRoot = "";
			targets = (
				050070DD2D7C2DF700C9449B /* BasicKit_macOS */,
				05A086832D7C30CD00A3DEA5 /* BasicKit_iOS */,
				05C62FCD2D7C4F7400C42DB7 /* Install */,
				051697E62D86705800628DF6 /* UnitTest */,
			);
		};
/* End PBXProject section */

/* Begin PBXResourcesBuildPhase section */
		050070DC2D7C2DF700C9449B /* Resources */ = {
			isa = PBXResourcesBuildPhase;
			buildActionMask = 2147483647;
			files = (
			);
			runOnlyForDeploymentPostprocessing = 0;
		};
		05A086822D7C30CD00A3DEA5 /* Resources */ = {
			isa = PBXResourcesBuildPhase;
			buildActionMask = 2147483647;
			files = (
			);
			runOnlyForDeploymentPostprocessing = 0;
		};
/* End PBXResourcesBuildPhase section */

/* Begin PBXSourcesBuildPhase section */
		050070DA2D7C2DF700C9449B /* Sources */ = {
			isa = PBXSourcesBuildPhase;
			buildActionMask = 2147483647;
			files = (
				05E524CF2DAB5CA000E069EB /* ArisiaBasic-Yacc.y in Sources */,
				05AE4AEF2D9449D20095BD66 /* CNScalarPool.c in Sources */,
				05AE4AF42D9453290095BD66 /* CNString.c in Sources */,
				05E524CC2DAB5C1800E069EB /* ArisiaBasic-Lex.l in Sources */,
				0517F7442DB3AFF5001BF46B /* CNValueList.c in Sources */,
				050BCF022D86D07E00C05DE3 /* CNValue.c in Sources */,
				05A086922D7C31C600A3DEA5 /* BSBasicEngine.m in Sources */,
				05B2DA7A2D97F5C7006A75F1 /* CNUtils.c in Sources */,
				05B2DA662D9674D9006A75F1 /* CNArray.c in Sources */,
				05E524E32DAB904E00E069EB /* CNIterators.c in Sources */,
				051697E02D86664700628DF6 /* CNList.c in Sources */,
				05F07E802DA12FBA00CDD7B6 /* CNInterface.c in Sources */,
				05B2DA842D98BAE3006A75F1 /* CNArrayPool.c in Sources */,
				05E524C72DA9E21000E069EB /* CNValuePool.c in Sources */,
				052A88C22D9ECC3200C93B31 /* CNDictionary.c in Sources */,
				05B2DA722D9769FF006A75F1 /* CNPagePool.c in Sources */,
			);
			runOnlyForDeploymentPostprocessing = 0;
		};
		051697E32D86705800628DF6 /* Sources */ = {
			isa = PBXSourcesBuildPhase;
			buildActionMask = 2147483647;
			files = (
			);
			runOnlyForDeploymentPostprocessing = 0;
		};
		05A086802D7C30CD00A3DEA5 /* Sources */ = {
			isa = PBXSourcesBuildPhase;
			buildActionMask = 2147483647;
			files = (
				05E524D02DAB5CA000E069EB /* ArisiaBasic-Yacc.y in Sources */,
				05AE4AF02D9449D20095BD66 /* CNScalarPool.c in Sources */,
				05AE4AF62D9453290095BD66 /* CNString.c in Sources */,
				05E524CD2DAB5C1800E069EB /* ArisiaBasic-Lex.l in Sources */,
				0517F7422DB3AFF5001BF46B /* CNValueList.c in Sources */,
				050BCF052D86D07E00C05DE3 /* CNValue.c in Sources */,
				05A086932D7C31C600A3DEA5 /* BSBasicEngine.m in Sources */,
				05B2DA782D97F5C7006A75F1 /* CNUtils.c in Sources */,
				05B2DA682D9674D9006A75F1 /* CNArray.c in Sources */,
				05E524E02DAB904E00E069EB /* CNIterators.c in Sources */,
				051697E22D86664800628DF6 /* CNList.c in Sources */,
				05F07E832DA12FBA00CDD7B6 /* CNInterface.c in Sources */,
				05B2DA832D98BAE3006A75F1 /* CNArrayPool.c in Sources */,
				05E524C82DA9E21000E069EB /* CNValuePool.c in Sources */,
				052A88C02D9ECC3200C93B31 /* CNDictionary.c in Sources */,
				05B2DA742D9769FF006A75F1 /* CNPagePool.c in Sources */,
			);
			runOnlyForDeploymentPostprocessing = 0;
		};
/* End PBXSourcesBuildPhase section */

/* Begin PBXTargetDependency section */
		05C62FD22D7C4F8D00C42DB7 /* PBXTargetDependency */ = {
			isa = PBXTargetDependency;
			target = 05A086832D7C30CD00A3DEA5 /* BasicKit_iOS */;
			targetProxy = 05C62FD12D7C4F8D00C42DB7 /* PBXContainerItemProxy */;
		};
		05C62FD42D7C4F8D00C42DB7 /* PBXTargetDependency */ = {
			isa = PBXTargetDependency;
			target = 050070DD2D7C2DF700C9449B /* BasicKit_macOS */;
			targetProxy = 05C62FD32D7C4F8D00C42DB7 /* PBXContainerItemProxy */;
		};
/* End PBXTargetDependency section */

/* Begin XCBuildConfiguration section */
		050070E72D7C2DF700C9449B /* Debug */ = {
			isa = XCBuildConfiguration;
			buildSettings = {
				BUILD_LIBRARY_FOR_DISTRIBUTION = YES;
				CLANG_ENABLE_MODULES = YES;
				CODE_SIGN_STYLE = Automatic;
				COMBINE_HIDPI_IMAGES = YES;
				CURRENT_PROJECT_VERSION = 1;
				DEAD_CODE_STRIPPING = YES;
				DEFINES_MODULE = YES;
				DEVELOPMENT_TEAM = TR2DNF3P93;
				DYLIB_COMPATIBILITY_VERSION = 1;
				DYLIB_CURRENT_VERSION = 1;
				DYLIB_INSTALL_NAME_BASE = "@rpath";
				ENABLE_MODULE_VERIFIER = YES;
				GCC_OPTIMIZATION_LEVEL = 2;
				GENERATE_INFOPLIST_FILE = YES;
				HEADER_SEARCH_PATHS = "";
				INFOPLIST_KEY_NSHumanReadableCopyright = "";
				INSTALL_PATH = "$HOME)/Library/Frameworks";
				LD_RUNPATH_SEARCH_PATHS = (
					"$(inherited)",
					"@executable_path/../Frameworks",
					"@loader_path/Frameworks",
				);
				MARKETING_VERSION = 1.0;
				MODULE_VERIFIER_SUPPORTED_LANGUAGES = "objective-c objective-c++";
				MODULE_VERIFIER_SUPPORTED_LANGUAGE_STANDARDS = "gnu17 gnu++20";
				PRODUCT_BUNDLE_IDENTIFIER = "com.github.steel-wheels.BasicKit.macOS.BasicKit";
				PRODUCT_NAME = BasicKit;
				SKIP_INSTALL = YES;
				SWIFT_EMIT_LOC_STRINGS = YES;
				SWIFT_INSTALL_OBJC_HEADER = YES;
				SWIFT_OBJC_BRIDGING_HEADER = "";
				SWIFT_OPTIMIZATION_LEVEL = "-Onone";
				SWIFT_VERSION = 5.0;
			};
			name = Debug;
		};
		050070E82D7C2DF700C9449B /* Release */ = {
			isa = XCBuildConfiguration;
			buildSettings = {
				BUILD_LIBRARY_FOR_DISTRIBUTION = YES;
				CLANG_ENABLE_MODULES = YES;
				CODE_SIGN_STYLE = Automatic;
				COMBINE_HIDPI_IMAGES = YES;
				CURRENT_PROJECT_VERSION = 1;
				DEAD_CODE_STRIPPING = YES;
				DEFINES_MODULE = YES;
				DEVELOPMENT_TEAM = TR2DNF3P93;
				DYLIB_COMPATIBILITY_VERSION = 1;
				DYLIB_CURRENT_VERSION = 1;
				DYLIB_INSTALL_NAME_BASE = "@rpath";
				ENABLE_MODULE_VERIFIER = YES;
				GCC_OPTIMIZATION_LEVEL = 2;
				GENERATE_INFOPLIST_FILE = YES;
				HEADER_SEARCH_PATHS = "";
				INFOPLIST_KEY_NSHumanReadableCopyright = "";
				INSTALL_PATH = "$HOME)/Library/Frameworks";
				LD_RUNPATH_SEARCH_PATHS = (
					"$(inherited)",
					"@executable_path/../Frameworks",
					"@loader_path/Frameworks",
				);
				MARKETING_VERSION = 1.0;
				MODULE_VERIFIER_SUPPORTED_LANGUAGES = "objective-c objective-c++";
				MODULE_VERIFIER_SUPPORTED_LANGUAGE_STANDARDS = "gnu17 gnu++20";
				PRODUCT_BUNDLE_IDENTIFIER = "com.github.steel-wheels.BasicKit.macOS.BasicKit";
				PRODUCT_NAME = BasicKit;
				SKIP_INSTALL = YES;
				SWIFT_EMIT_LOC_STRINGS = YES;
				SWIFT_INSTALL_OBJC_HEADER = YES;
				SWIFT_OBJC_BRIDGING_HEADER = "";
				SWIFT_VERSION = 5.0;
			};
			name = Release;
		};
		050070E92D7C2DF700C9449B /* Debug */ = {
			isa = XCBuildConfiguration;
			buildSettings = {
				ALWAYS_SEARCH_USER_PATHS = NO;
				ASSETCATALOG_COMPILER_GENERATE_SWIFT_ASSET_SYMBOL_EXTENSIONS = YES;
				CLANG_ANALYZER_NONNULL = YES;
				CLANG_ANALYZER_NUMBER_OBJECT_CONVERSION = YES_AGGRESSIVE;
				CLANG_CXX_LANGUAGE_STANDARD = "gnu++20";
				CLANG_ENABLE_MODULES = YES;
				CLANG_ENABLE_OBJC_ARC = YES;
				CLANG_ENABLE_OBJC_WEAK = YES;
				CLANG_WARN_BLOCK_CAPTURE_AUTORELEASING = YES;
				CLANG_WARN_BOOL_CONVERSION = YES;
				CLANG_WARN_COMMA = YES;
				CLANG_WARN_CONSTANT_CONVERSION = YES;
				CLANG_WARN_DEPRECATED_OBJC_IMPLEMENTATIONS = YES;
				CLANG_WARN_DIRECT_OBJC_ISA_USAGE = YES_ERROR;
				CLANG_WARN_DOCUMENTATION_COMMENTS = YES;
				CLANG_WARN_EMPTY_BODY = YES;
				CLANG_WARN_ENUM_CONVERSION = YES;
				CLANG_WARN_INFINITE_RECURSION = YES;
				CLANG_WARN_INT_CONVERSION = YES;
				CLANG_WARN_NON_LITERAL_NULL_CONVERSION = YES;
				CLANG_WARN_OBJC_IMPLICIT_RETAIN_SELF = YES;
				CLANG_WARN_OBJC_LITERAL_CONVERSION = YES;
				CLANG_WARN_OBJC_ROOT_CLASS = YES_ERROR;
				CLANG_WARN_QUOTED_INCLUDE_IN_FRAMEWORK_HEADER = YES;
				CLANG_WARN_RANGE_LOOP_ANALYSIS = YES;
				CLANG_WARN_STRICT_PROTOTYPES = YES;
				CLANG_WARN_SUSPICIOUS_MOVE = YES;
				CLANG_WARN_UNGUARDED_AVAILABILITY = YES_AGGRESSIVE;
				CLANG_WARN_UNREACHABLE_CODE = YES;
				CLANG_WARN__DUPLICATE_METHOD_MATCH = YES;
				COPY_PHASE_STRIP = NO;
				CURRENT_PROJECT_VERSION = 1;
				DEAD_CODE_STRIPPING = YES;
				DEBUG_INFORMATION_FORMAT = dwarf;
				ENABLE_STRICT_OBJC_MSGSEND = YES;
				ENABLE_TESTABILITY = YES;
				ENABLE_USER_SCRIPT_SANDBOXING = YES;
				GCC_C_LANGUAGE_STANDARD = gnu17;
				GCC_DYNAMIC_NO_PIC = NO;
				GCC_NO_COMMON_BLOCKS = YES;
				GCC_OPTIMIZATION_LEVEL = 0;
				GCC_PREPROCESSOR_DEFINITIONS = (
					"DEBUG=1",
					"$(inherited)",
				);
				GCC_WARN_64_TO_32_BIT_CONVERSION = YES;
				GCC_WARN_ABOUT_RETURN_TYPE = YES_ERROR;
				GCC_WARN_UNDECLARED_SELECTOR = YES;
				GCC_WARN_UNINITIALIZED_AUTOS = YES_AGGRESSIVE;
				GCC_WARN_UNUSED_FUNCTION = YES;
				GCC_WARN_UNUSED_VARIABLE = YES;
				LOCALIZATION_PREFERS_STRING_CATALOGS = YES;
				MACOSX_DEPLOYMENT_TARGET = 15.2;
				MTL_ENABLE_DEBUG_INFO = INCLUDE_SOURCE;
				MTL_FAST_MATH = YES;
				ONLY_ACTIVE_ARCH = YES;
				SDKROOT = macosx;
				SWIFT_ACTIVE_COMPILATION_CONDITIONS = "DEBUG $(inherited)";
				SWIFT_OPTIMIZATION_LEVEL = "-Onone";
				VERSIONING_SYSTEM = "apple-generic";
				VERSION_INFO_PREFIX = "";
			};
			name = Debug;
		};
		050070EA2D7C2DF700C9449B /* Release */ = {
			isa = XCBuildConfiguration;
			buildSettings = {
				ALWAYS_SEARCH_USER_PATHS = NO;
				ASSETCATALOG_COMPILER_GENERATE_SWIFT_ASSET_SYMBOL_EXTENSIONS = YES;
				CLANG_ANALYZER_NONNULL = YES;
				CLANG_ANALYZER_NUMBER_OBJECT_CONVERSION = YES_AGGRESSIVE;
				CLANG_CXX_LANGUAGE_STANDARD = "gnu++20";
				CLANG_ENABLE_MODULES = YES;
				CLANG_ENABLE_OBJC_ARC = YES;
				CLANG_ENABLE_OBJC_WEAK = YES;
				CLANG_WARN_BLOCK_CAPTURE_AUTORELEASING = YES;
				CLANG_WARN_BOOL_CONVERSION = YES;
				CLANG_WARN_COMMA = YES;
				CLANG_WARN_CONSTANT_CONVERSION = YES;
				CLANG_WARN_DEPRECATED_OBJC_IMPLEMENTATIONS = YES;
				CLANG_WARN_DIRECT_OBJC_ISA_USAGE = YES_ERROR;
				CLANG_WARN_DOCUMENTATION_COMMENTS = YES;
				CLANG_WARN_EMPTY_BODY = YES;
				CLANG_WARN_ENUM_CONVERSION = YES;
				CLANG_WARN_INFINITE_RECURSION = YES;
				CLANG_WARN_INT_CONVERSION = YES;
				CLANG_WARN_NON_LITERAL_NULL_CONVERSION = YES;
				CLANG_WARN_OBJC_IMPLICIT_RETAIN_SELF = YES;
				CLANG_WARN_OBJC_LITERAL_CONVERSION = YES;
				CLANG_WARN_OBJC_ROOT_CLASS = YES_ERROR;
				CLANG_WARN_QUOTED_INCLUDE_IN_FRAMEWORK_HEADER = YES;
				CLANG_WARN_RANGE_LOOP_ANALYSIS = YES;
				CLANG_WARN_STRICT_PROTOTYPES = YES;
				CLANG_WARN_SUSPICIOUS_MOVE = YES;
				CLANG_WARN_UNGUARDED_AVAILABILITY = YES_AGGRESSIVE;
				CLANG_WARN_UNREACHABLE_CODE = YES;
				CLANG_WARN__DUPLICATE_METHOD_MATCH = YES;
				COPY_PHASE_STRIP = NO;
				CURRENT_PROJECT_VERSION = 1;
				DEAD_CODE_STRIPPING = YES;
				DEBUG_INFORMATION_FORMAT = "dwarf-with-dsym";
				ENABLE_NS_ASSERTIONS = NO;
				ENABLE_STRICT_OBJC_MSGSEND = YES;
				ENABLE_USER_SCRIPT_SANDBOXING = YES;
				GCC_C_LANGUAGE_STANDARD = gnu17;
				GCC_NO_COMMON_BLOCKS = YES;
				GCC_WARN_64_TO_32_BIT_CONVERSION = YES;
				GCC_WARN_ABOUT_RETURN_TYPE = YES_ERROR;
				GCC_WARN_UNDECLARED_SELECTOR = YES;
				GCC_WARN_UNINITIALIZED_AUTOS = YES_AGGRESSIVE;
				GCC_WARN_UNUSED_FUNCTION = YES;
				GCC_WARN_UNUSED_VARIABLE = YES;
				LOCALIZATION_PREFERS_STRING_CATALOGS = YES;
				MACOSX_DEPLOYMENT_TARGET = 15.2;
				MTL_ENABLE_DEBUG_INFO = NO;
				MTL_FAST_MATH = YES;
				SDKROOT = macosx;
				SWIFT_COMPILATION_MODE = wholemodule;
				VERSIONING_SYSTEM = "apple-generic";
				VERSION_INFO_PREFIX = "";
			};
			name = Release;
		};
		051697EC2D86705800628DF6 /* Debug */ = {
			isa = XCBuildConfiguration;
			buildSettings = {
				CLANG_ENABLE_MODULES = YES;
				CODE_SIGN_STYLE = Automatic;
				DEAD_CODE_STRIPPING = YES;
				DEVELOPMENT_TEAM = TR2DNF3P93;
				ENABLE_HARDENED_RUNTIME = YES;
				PRODUCT_NAME = "$(TARGET_NAME)";
				SWIFT_OPTIMIZATION_LEVEL = "-Onone";
				SWIFT_VERSION = 5.0;
			};
			name = Debug;
		};
		051697ED2D86705800628DF6 /* Release */ = {
			isa = XCBuildConfiguration;
			buildSettings = {
				CLANG_ENABLE_MODULES = YES;
				CODE_SIGN_STYLE = Automatic;
				DEAD_CODE_STRIPPING = YES;
				DEVELOPMENT_TEAM = TR2DNF3P93;
				ENABLE_HARDENED_RUNTIME = YES;
				PRODUCT_NAME = "$(TARGET_NAME)";
				SWIFT_VERSION = 5.0;
			};
			name = Release;
		};
		05A0868C2D7C30CD00A3DEA5 /* Debug */ = {
			isa = XCBuildConfiguration;
			buildSettings = {
				BUILD_LIBRARY_FOR_DISTRIBUTION = YES;
				CLANG_ENABLE_MODULES = YES;
				CODE_SIGN_STYLE = Automatic;
				CURRENT_PROJECT_VERSION = 1;
				DEFINES_MODULE = YES;
				DEVELOPMENT_TEAM = TR2DNF3P93;
				DYLIB_COMPATIBILITY_VERSION = 1;
				DYLIB_CURRENT_VERSION = 1;
				DYLIB_INSTALL_NAME_BASE = "@rpath";
				ENABLE_MODULE_VERIFIER = YES;
				GCC_OPTIMIZATION_LEVEL = 2;
				GENERATE_INFOPLIST_FILE = YES;
				INFOPLIST_KEY_NSHumanReadableCopyright = "";
				INSTALL_PATH = "$(HOME)/Library/Frameworks";
				IPHONEOS_DEPLOYMENT_TARGET = 18.2;
				LD_RUNPATH_SEARCH_PATHS = (
					"$(inherited)",
					"@executable_path/Frameworks",
					"@loader_path/Frameworks",
				);
				MARKETING_VERSION = 1.0;
				MODULE_VERIFIER_SUPPORTED_LANGUAGES = "objective-c objective-c++";
				MODULE_VERIFIER_SUPPORTED_LANGUAGE_STANDARDS = "gnu17 gnu++20";
				PRODUCT_BUNDLE_IDENTIFIER = "com.github.steel-wheels.BasicKit.iOS.BasicKit";
				PRODUCT_NAME = BasicKit;
				SDKROOT = iphoneos;
				SKIP_INSTALL = YES;
				SWIFT_EMIT_LOC_STRINGS = YES;
				SWIFT_INSTALL_OBJC_HEADER = YES;
				SWIFT_OBJC_BRIDGING_HEADER = "";
				SWIFT_OPTIMIZATION_LEVEL = "-Onone";
				SWIFT_VERSION = 5.0;
				TARGETED_DEVICE_FAMILY = "1,2";
			};
			name = Debug;
		};
		05A0868D2D7C30CD00A3DEA5 /* Release */ = {
			isa = XCBuildConfiguration;
			buildSettings = {
				BUILD_LIBRARY_FOR_DISTRIBUTION = YES;
				CLANG_ENABLE_MODULES = YES;
				CODE_SIGN_STYLE = Automatic;
				CURRENT_PROJECT_VERSION = 1;
				DEFINES_MODULE = YES;
				DEVELOPMENT_TEAM = TR2DNF3P93;
				DYLIB_COMPATIBILITY_VERSION = 1;
				DYLIB_CURRENT_VERSION = 1;
				DYLIB_INSTALL_NAME_BASE = "@rpath";
				ENABLE_MODULE_VERIFIER = YES;
				GENERATE_INFOPLIST_FILE = YES;
				INFOPLIST_KEY_NSHumanReadableCopyright = "";
				INSTALL_PATH = "$(HOME)/Library/Frameworks";
				IPHONEOS_DEPLOYMENT_TARGET = 18.2;
				LD_RUNPATH_SEARCH_PATHS = (
					"$(inherited)",
					"@executable_path/Frameworks",
					"@loader_path/Frameworks",
				);
				MARKETING_VERSION = 1.0;
				MODULE_VERIFIER_SUPPORTED_LANGUAGES = "objective-c objective-c++";
				MODULE_VERIFIER_SUPPORTED_LANGUAGE_STANDARDS = "gnu17 gnu++20";
				PRODUCT_BUNDLE_IDENTIFIER = "com.github.steel-wheels.BasicKit.iOS.BasicKit";
				PRODUCT_NAME = BasicKit;
				SDKROOT = iphoneos;
				SKIP_INSTALL = YES;
				SWIFT_EMIT_LOC_STRINGS = YES;
				SWIFT_INSTALL_OBJC_HEADER = YES;
				SWIFT_OBJC_BRIDGING_HEADER = "";
				SWIFT_VERSION = 5.0;
				TARGETED_DEVICE_FAMILY = "1,2";
				VALIDATE_PRODUCT = YES;
			};
			name = Release;
		};
		05C62FCF2D7C4F7400C42DB7 /* Debug */ = {
			isa = XCBuildConfiguration;
			buildSettings = {
				CODE_SIGN_STYLE = Automatic;
				DEAD_CODE_STRIPPING = YES;
				DEBUGGING_SYMBOLS = YES;
				DEBUG_INFORMATION_FORMAT = dwarf;
				DEVELOPMENT_TEAM = TR2DNF3P93;
				GCC_GENERATE_DEBUGGING_SYMBOLS = YES;
				GCC_OPTIMIZATION_LEVEL = 0;
				OTHER_CFLAGS = "";
				OTHER_LDFLAGS = "";
				PRODUCT_NAME = "$(TARGET_NAME)";
			};
			name = Debug;
		};
		05C62FD02D7C4F7400C42DB7 /* Release */ = {
			isa = XCBuildConfiguration;
			buildSettings = {
				CODE_SIGN_STYLE = Automatic;
				DEAD_CODE_STRIPPING = YES;
				DEBUG_INFORMATION_FORMAT = "dwarf-with-dsym";
				DEVELOPMENT_TEAM = TR2DNF3P93;
				OTHER_CFLAGS = "";
				OTHER_LDFLAGS = "";
				PRODUCT_NAME = "$(TARGET_NAME)";
			};
			name = Release;
		};
/* End XCBuildConfiguration section */

/* Begin XCConfigurationList section */
		050070D82D7C2DF700C9449B /* Build configuration list for PBXProject "BasicKit" */ = {
			isa = XCConfigurationList;
			buildConfigurations = (
				050070E92D7C2DF700C9449B /* Debug */,
				050070EA2D7C2DF700C9449B /* Release */,
			);
			defaultConfigurationIsVisible = 0;
			defaultConfigurationName = Release;
		};
		050070E62D7C2DF700C9449B /* Build configuration list for PBXNativeTarget "BasicKit_macOS" */ = {
			isa = XCConfigurationList;
			buildConfigurations = (
				050070E72D7C2DF700C9449B /* Debug */,
				050070E82D7C2DF700C9449B /* Release */,
			);
			defaultConfigurationIsVisible = 0;
			defaultConfigurationName = Release;
		};
		051697EB2D86705800628DF6 /* Build configuration list for PBXNativeTarget "UnitTest" */ = {
			isa = XCConfigurationList;
			buildConfigurations = (
				051697EC2D86705800628DF6 /* Debug */,
				051697ED2D86705800628DF6 /* Release */,
			);
			defaultConfigurationIsVisible = 0;
			defaultConfigurationName = Release;
		};
		05A0868B2D7C30CD00A3DEA5 /* Build configuration list for PBXNativeTarget "BasicKit_iOS" */ = {
			isa = XCConfigurationList;
			buildConfigurations = (
				05A0868C2D7C30CD00A3DEA5 /* Debug */,
				05A0868D2D7C30CD00A3DEA5 /* Release */,
			);
			defaultConfigurationIsVisible = 0;
			defaultConfigurationName = Release;
		};
		05C62FCE2D7C4F7400C42DB7 /* Build configuration list for PBXLegacyTarget "Install" */ = {
			isa = XCConfigurationList;
			buildConfigurations = (
				05C62FCF2D7C4F7400C42DB7 /* Debug */,
				05C62FD02D7C4F7400C42DB7 /* Release */,
			);
			defaultConfigurationIsVisible = 0;
			defaultConfigurationName = Release;
		};
/* End XCConfigurationList section */
	};
	rootObject = 050070D52D7C2DF700C9449B /* Project object */;
}
