// !$*UTF8*$!
{
	archiveVersion = 1;
	classes = {
	};
	objectVersion = 77;
	objects = {

/* Begin PBXBuildFile section */
		050BCEFF2D86C70300C05DE3 /* BasicKit.xcframework in Frameworks */ = {isa = PBXBuildFile; fileRef = 05C62FEC2D7C520C00C42DB7 /* BasicKit.xcframework */; };
		050BCF022D86D07E00C05DE3 /* CNValue.c in Sources */ = {isa = PBXBuildFile; fileRef = 050BCF012D86D07E00C05DE3 /* CNValue.c */; };
		050BCF032D86D07E00C05DE3 /* CNValue.h in Headers */ = {isa = PBXBuildFile; fileRef = 050BCF002D86D07E00C05DE3 /* CNValue.h */; settings = {ATTRIBUTES = (Public, ); }; };
		050BCF042D86D07E00C05DE3 /* CNValue.h in Headers */ = {isa = PBXBuildFile; fileRef = 050BCF002D86D07E00C05DE3 /* CNValue.h */; settings = {ATTRIBUTES = (Public, ); }; };
		050BCF052D86D07E00C05DE3 /* CNValue.c in Sources */ = {isa = PBXBuildFile; fileRef = 050BCF012D86D07E00C05DE3 /* CNValue.c */; };
		0510FBA72D7C533600AEE906 /* BasicKit.h in Headers */ = {isa = PBXBuildFile; fileRef = 0510FBA42D7C533600AEE906 /* BasicKit.h */; settings = {ATTRIBUTES = (Public, ); }; };
		0510FBB22D7C680500AEE906 /* BasicKit.h in Headers */ = {isa = PBXBuildFile; fileRef = 0510FBA42D7C533600AEE906 /* BasicKit.h */; settings = {ATTRIBUTES = (Public, ); }; };
		051D1A622DD7FE3700E42FBB /* CNCodeValue.c in Sources */ = {isa = PBXBuildFile; fileRef = 051D1A612DD7FE3700E42FBB /* CNCodeValue.c */; };
		051D1A632DD7FE3700E42FBB /* CNCodeValue.h in Headers */ = {isa = PBXBuildFile; fileRef = 051D1A602DD7FE3700E42FBB /* CNCodeValue.h */; settings = {ATTRIBUTES = (Public, ); }; };
		051D1A642DD7FE3700E42FBB /* CNCodeValue.c in Sources */ = {isa = PBXBuildFile; fileRef = 051D1A612DD7FE3700E42FBB /* CNCodeValue.c */; };
		051D1A652DD7FE3700E42FBB /* CNCodeValue.h in Headers */ = {isa = PBXBuildFile; fileRef = 051D1A602DD7FE3700E42FBB /* CNCodeValue.h */; settings = {ATTRIBUTES = (Public, ); }; };
		051D1A682DD86F0200E42FBB /* ArisiaBasic-Lex.l in Sources */ = {isa = PBXBuildFile; fileRef = 051D1A672DD86F0200E42FBB /* ArisiaBasic-Lex.l */; };
		051D1A692DD86F0200E42FBB /* ArisiaBasic-Lex.l in Sources */ = {isa = PBXBuildFile; fileRef = 051D1A672DD86F0200E42FBB /* ArisiaBasic-Lex.l */; };
		051D1A6E2DD86F2300E42FBB /* ArisiaBasic-Yacc.y in Sources */ = {isa = PBXBuildFile; fileRef = 051D1A6D2DD86F2300E42FBB /* ArisiaBasic-Yacc.y */; };
		051D1A6F2DD86F2300E42FBB /* ArisiaBasic-Yacc.y in Sources */ = {isa = PBXBuildFile; fileRef = 051D1A6D2DD86F2300E42FBB /* ArisiaBasic-Yacc.y */; };
		051D1A712DD88D7800E42FBB /* ArisiaBasic.h in Headers */ = {isa = PBXBuildFile; fileRef = 051D1A702DD88D7800E42FBB /* ArisiaBasic.h */; settings = {ATTRIBUTES = (Private, ); }; };
		051D1A722DD88D7800E42FBB /* ArisiaBasic.h in Headers */ = {isa = PBXBuildFile; fileRef = 051D1A702DD88D7800E42FBB /* ArisiaBasic.h */; settings = {ATTRIBUTES = (Private, ); }; };
		051D1A762DD8BE3F00E42FBB /* CNFile.h in Headers */ = {isa = PBXBuildFile; fileRef = 051D1A742DD8BE3F00E42FBB /* CNFile.h */; settings = {ATTRIBUTES = (Public, ); }; };
		051D1A772DD8BE3F00E42FBB /* CNFile.c in Sources */ = {isa = PBXBuildFile; fileRef = 051D1A752DD8BE3F00E42FBB /* CNFile.c */; };
		051D1A782DD8BE3F00E42FBB /* CNFile.h in Headers */ = {isa = PBXBuildFile; fileRef = 051D1A742DD8BE3F00E42FBB /* CNFile.h */; settings = {ATTRIBUTES = (Public, ); }; };
		051D1A792DD8BE3F00E42FBB /* CNFile.c in Sources */ = {isa = PBXBuildFile; fileRef = 051D1A752DD8BE3F00E42FBB /* CNFile.c */; };
		051D1A7C2DD8C31700E42FBB /* CNValueList.h in Headers */ = {isa = PBXBuildFile; fileRef = 051D1A7A2DD8C31700E42FBB /* CNValueList.h */; settings = {ATTRIBUTES = (Public, ); }; };
		051D1A7D2DD8C31700E42FBB /* CNValueList.c in Sources */ = {isa = PBXBuildFile; fileRef = 051D1A7B2DD8C31700E42FBB /* CNValueList.c */; };
		051D1A7E2DD8C31700E42FBB /* CNValueList.h in Headers */ = {isa = PBXBuildFile; fileRef = 051D1A7A2DD8C31700E42FBB /* CNValueList.h */; settings = {ATTRIBUTES = (Public, ); }; };
		051D1A7F2DD8C31700E42FBB /* CNValueList.c in Sources */ = {isa = PBXBuildFile; fileRef = 051D1A7B2DD8C31700E42FBB /* CNValueList.c */; };
		053472802DCE593900ED4C3B /* CNNullValue.c in Sources */ = {isa = PBXBuildFile; fileRef = 0534727F2DCE593900ED4C3B /* CNNullValue.c */; };
		053472812DCE593900ED4C3B /* CNNullValue.h in Headers */ = {isa = PBXBuildFile; fileRef = 0534727E2DCE593900ED4C3B /* CNNullValue.h */; settings = {ATTRIBUTES = (Public, ); }; };
		053472822DCE593900ED4C3B /* CNNullValue.h in Headers */ = {isa = PBXBuildFile; fileRef = 0534727E2DCE593900ED4C3B /* CNNullValue.h */; settings = {ATTRIBUTES = (Public, ); }; };
		053472832DCE593900ED4C3B /* CNNullValue.c in Sources */ = {isa = PBXBuildFile; fileRef = 0534727F2DCE593900ED4C3B /* CNNullValue.c */; };
		053472862DCF065800ED4C3B /* CNArrayValue.c in Sources */ = {isa = PBXBuildFile; fileRef = 053472852DCF065800ED4C3B /* CNArrayValue.c */; };
		053472872DCF065800ED4C3B /* CNArrayValue.h in Headers */ = {isa = PBXBuildFile; fileRef = 053472842DCF065800ED4C3B /* CNArrayValue.h */; settings = {ATTRIBUTES = (Public, ); }; };
		053472882DCF065800ED4C3B /* CNArrayValue.h in Headers */ = {isa = PBXBuildFile; fileRef = 053472842DCF065800ED4C3B /* CNArrayValue.h */; settings = {ATTRIBUTES = (Public, ); }; };
		053472892DCF065800ED4C3B /* CNArrayValue.c in Sources */ = {isa = PBXBuildFile; fileRef = 053472852DCF065800ED4C3B /* CNArrayValue.c */; };
		0534728F2DCF4D8000ED4C3B /* CNDictionaryValue.c in Sources */ = {isa = PBXBuildFile; fileRef = 0534728E2DCF4D8000ED4C3B /* CNDictionaryValue.c */; };
		053472902DCF4D8000ED4C3B /* CNDictionaryValue.h in Headers */ = {isa = PBXBuildFile; fileRef = 0534728D2DCF4D8000ED4C3B /* CNDictionaryValue.h */; settings = {ATTRIBUTES = (Public, ); }; };
		053472912DCF4D8000ED4C3B /* CNDictionaryValue.h in Headers */ = {isa = PBXBuildFile; fileRef = 0534728D2DCF4D8000ED4C3B /* CNDictionaryValue.h */; settings = {ATTRIBUTES = (Public, ); }; };
		053472922DCF4D8000ED4C3B /* CNDictionaryValue.c in Sources */ = {isa = PBXBuildFile; fileRef = 0534728E2DCF4D8000ED4C3B /* CNDictionaryValue.c */; };
		053472952DCF58C500ED4C3B /* CNStringValue.h in Headers */ = {isa = PBXBuildFile; fileRef = 053472932DCF58C500ED4C3B /* CNStringValue.h */; settings = {ATTRIBUTES = (Public, ); }; };
		053472962DCF58C500ED4C3B /* CNStringValue.c in Sources */ = {isa = PBXBuildFile; fileRef = 053472942DCF58C500ED4C3B /* CNStringValue.c */; };
		053472972DCF58C500ED4C3B /* CNStringValue.c in Sources */ = {isa = PBXBuildFile; fileRef = 053472942DCF58C500ED4C3B /* CNStringValue.c */; };
		053472982DCF58C500ED4C3B /* CNStringValue.h in Headers */ = {isa = PBXBuildFile; fileRef = 053472932DCF58C500ED4C3B /* CNStringValue.h */; settings = {ATTRIBUTES = (Public, ); }; };
		054072C92DD03E4D009AB9C3 /* CNUtils.c in Sources */ = {isa = PBXBuildFile; fileRef = 054072C82DD03E4D009AB9C3 /* CNUtils.c */; };
		054072CA2DD03E4D009AB9C3 /* CNUtils.h in Headers */ = {isa = PBXBuildFile; fileRef = 054072C72DD03E4D009AB9C3 /* CNUtils.h */; settings = {ATTRIBUTES = (Private, ); }; };
		054072CB2DD03E4D009AB9C3 /* CNUtils.h in Headers */ = {isa = PBXBuildFile; fileRef = 054072C72DD03E4D009AB9C3 /* CNUtils.h */; settings = {ATTRIBUTES = (Private, ); }; };
		054072CC2DD03E4D009AB9C3 /* CNUtils.c in Sources */ = {isa = PBXBuildFile; fileRef = 054072C82DD03E4D009AB9C3 /* CNUtils.c */; };
		054072E82DD38AFF009AB9C3 /* CNRegisterFile.h in Headers */ = {isa = PBXBuildFile; fileRef = 054072E62DD38AFF009AB9C3 /* CNRegisterFile.h */; settings = {ATTRIBUTES = (Public, ); }; };
		054072E92DD38AFF009AB9C3 /* CNRegisterFile.c in Sources */ = {isa = PBXBuildFile; fileRef = 054072E72DD38AFF009AB9C3 /* CNRegisterFile.c */; };
		054072EA2DD38AFF009AB9C3 /* CNRegisterFile.h in Headers */ = {isa = PBXBuildFile; fileRef = 054072E62DD38AFF009AB9C3 /* CNRegisterFile.h */; settings = {ATTRIBUTES = (Public, ); }; };
		054072EB2DD38AFF009AB9C3 /* CNRegisterFile.c in Sources */ = {isa = PBXBuildFile; fileRef = 054072E72DD38AFF009AB9C3 /* CNRegisterFile.c */; };
		054072F12DD63621009AB9C3 /* CNValueStack.c in Sources */ = {isa = PBXBuildFile; fileRef = 054072F02DD63621009AB9C3 /* CNValueStack.c */; };
		054072F22DD63621009AB9C3 /* CNValueStack.h in Headers */ = {isa = PBXBuildFile; fileRef = 054072EF2DD63621009AB9C3 /* CNValueStack.h */; settings = {ATTRIBUTES = (Public, ); }; };
		054072F32DD63621009AB9C3 /* CNValueStack.h in Headers */ = {isa = PBXBuildFile; fileRef = 054072EF2DD63621009AB9C3 /* CNValueStack.h */; settings = {ATTRIBUTES = (Public, ); }; };
		054072F42DD63621009AB9C3 /* CNValueStack.c in Sources */ = {isa = PBXBuildFile; fileRef = 054072F02DD63621009AB9C3 /* CNValueStack.c */; };
		054176C02DCCEF3300FC331F /* CNType.h in Headers */ = {isa = PBXBuildFile; fileRef = 054176BF2DCCEF3300FC331F /* CNType.h */; settings = {ATTRIBUTES = (Public, ); }; };
		054176C12DCCEF3300FC331F /* CNType.h in Headers */ = {isa = PBXBuildFile; fileRef = 054176BF2DCCEF3300FC331F /* CNType.h */; settings = {ATTRIBUTES = (Public, ); }; };
		054176C42DCCF34D00FC331F /* CNNumberValue.c in Sources */ = {isa = PBXBuildFile; fileRef = 054176C32DCCF34D00FC331F /* CNNumberValue.c */; };
		054176C52DCCF34D00FC331F /* CNNumberValue.h in Headers */ = {isa = PBXBuildFile; fileRef = 054176C22DCCF34D00FC331F /* CNNumberValue.h */; settings = {ATTRIBUTES = (Public, ); }; };
		054176C62DCCF34D00FC331F /* CNNumberValue.h in Headers */ = {isa = PBXBuildFile; fileRef = 054176C22DCCF34D00FC331F /* CNNumberValue.h */; settings = {ATTRIBUTES = (Public, ); }; };
		054176C72DCCF34D00FC331F /* CNNumberValue.c in Sources */ = {isa = PBXBuildFile; fileRef = 054176C32DCCF34D00FC331F /* CNNumberValue.c */; };
		05918B8D2DDA1992009B675B /* CNStringIterator.h in Headers */ = {isa = PBXBuildFile; fileRef = 05918B8B2DDA1992009B675B /* CNStringIterator.h */; settings = {ATTRIBUTES = (Public, ); }; };
		05918B8E2DDA1992009B675B /* CNStringIterator.c in Sources */ = {isa = PBXBuildFile; fileRef = 05918B8C2DDA1992009B675B /* CNStringIterator.c */; };
		05918B8F2DDA1992009B675B /* CNStringIterator.c in Sources */ = {isa = PBXBuildFile; fileRef = 05918B8C2DDA1992009B675B /* CNStringIterator.c */; };
		05918B902DDA1992009B675B /* CNStringIterator.h in Headers */ = {isa = PBXBuildFile; fileRef = 05918B8B2DDA1992009B675B /* CNStringIterator.h */; settings = {ATTRIBUTES = (Public, ); }; };
		059D76F72DCCF57700DA4FFB /* CNList.h in Headers */ = {isa = PBXBuildFile; fileRef = 059D76F52DCCF57700DA4FFB /* CNList.h */; settings = {ATTRIBUTES = (Public, ); }; };
		059D76F82DCCF57700DA4FFB /* CNList.c in Sources */ = {isa = PBXBuildFile; fileRef = 059D76F62DCCF57700DA4FFB /* CNList.c */; };
		059D76F92DCCF57700DA4FFB /* CNList.h in Headers */ = {isa = PBXBuildFile; fileRef = 059D76F52DCCF57700DA4FFB /* CNList.h */; settings = {ATTRIBUTES = (Public, ); }; };
		059D76FA2DCCF57700DA4FFB /* CNList.c in Sources */ = {isa = PBXBuildFile; fileRef = 059D76F62DCCF57700DA4FFB /* CNList.c */; };
		059D76FE2DCCFA2000DA4FFB /* CNInterface.c in Sources */ = {isa = PBXBuildFile; fileRef = 059D76FD2DCCFA2000DA4FFB /* CNInterface.c */; };
		059D76FF2DCCFA2000DA4FFB /* CNInterface.h in Headers */ = {isa = PBXBuildFile; fileRef = 059D76FC2DCCFA2000DA4FFB /* CNInterface.h */; settings = {ATTRIBUTES = (Public, ); }; };
		059D77002DCCFA2000DA4FFB /* CNInterface.h in Headers */ = {isa = PBXBuildFile; fileRef = 059D76FC2DCCFA2000DA4FFB /* CNInterface.h */; settings = {ATTRIBUTES = (Public, ); }; };
		059D77012DCCFA2000DA4FFB /* CNInterface.c in Sources */ = {isa = PBXBuildFile; fileRef = 059D76FD2DCCFA2000DA4FFB /* CNInterface.c */; };
		059D77042DCD002500DA4FFB /* CNArrayPool.h in Headers */ = {isa = PBXBuildFile; fileRef = 059D77022DCD002500DA4FFB /* CNArrayPool.h */; settings = {ATTRIBUTES = (Public, ); }; };
		059D77052DCD002500DA4FFB /* CNArrayPool.c in Sources */ = {isa = PBXBuildFile; fileRef = 059D77032DCD002500DA4FFB /* CNArrayPool.c */; };
		059D77062DCD002500DA4FFB /* CNArrayPool.h in Headers */ = {isa = PBXBuildFile; fileRef = 059D77022DCD002500DA4FFB /* CNArrayPool.h */; settings = {ATTRIBUTES = (Public, ); }; };
		059D77072DCD002500DA4FFB /* CNArrayPool.c in Sources */ = {isa = PBXBuildFile; fileRef = 059D77032DCD002500DA4FFB /* CNArrayPool.c */; };
		059D770A2DCD003500DA4FFB /* CNValuePool.h in Headers */ = {isa = PBXBuildFile; fileRef = 059D77082DCD003500DA4FFB /* CNValuePool.h */; settings = {ATTRIBUTES = (Public, ); }; };
		059D770B2DCD003500DA4FFB /* CNValuePool.c in Sources */ = {isa = PBXBuildFile; fileRef = 059D77092DCD003500DA4FFB /* CNValuePool.c */; };
		059D770C2DCD003500DA4FFB /* CNValuePool.c in Sources */ = {isa = PBXBuildFile; fileRef = 059D77092DCD003500DA4FFB /* CNValuePool.c */; };
		059D770D2DCD003500DA4FFB /* CNValuePool.h in Headers */ = {isa = PBXBuildFile; fileRef = 059D77082DCD003500DA4FFB /* CNValuePool.h */; settings = {ATTRIBUTES = (Public, ); }; };
		059D77102DCD006600DA4FFB /* CNPagePool.h in Headers */ = {isa = PBXBuildFile; fileRef = 059D770E2DCD006600DA4FFB /* CNPagePool.h */; settings = {ATTRIBUTES = (Public, ); }; };
		059D77112DCD006600DA4FFB /* CNPagePool.c in Sources */ = {isa = PBXBuildFile; fileRef = 059D770F2DCD006600DA4FFB /* CNPagePool.c */; };
		059D77122DCD006600DA4FFB /* CNPagePool.h in Headers */ = {isa = PBXBuildFile; fileRef = 059D770E2DCD006600DA4FFB /* CNPagePool.h */; settings = {ATTRIBUTES = (Public, ); }; };
		059D77132DCD006600DA4FFB /* CNPagePool.c in Sources */ = {isa = PBXBuildFile; fileRef = 059D770F2DCD006600DA4FFB /* CNPagePool.c */; };
		059D77162DCD009000DA4FFB /* CNScalarPool.h in Headers */ = {isa = PBXBuildFile; fileRef = 059D77142DCD009000DA4FFB /* CNScalarPool.h */; settings = {ATTRIBUTES = (Public, ); }; };
		059D77172DCD009000DA4FFB /* CNScalarPool.c in Sources */ = {isa = PBXBuildFile; fileRef = 059D77152DCD009000DA4FFB /* CNScalarPool.c */; };
		059D77182DCD009000DA4FFB /* CNScalarPool.h in Headers */ = {isa = PBXBuildFile; fileRef = 059D77142DCD009000DA4FFB /* CNScalarPool.h */; settings = {ATTRIBUTES = (Public, ); }; };
		059D77192DCD009000DA4FFB /* CNScalarPool.c in Sources */ = {isa = PBXBuildFile; fileRef = 059D77152DCD009000DA4FFB /* CNScalarPool.c */; };
		05A086912D7C31C600A3DEA5 /* BSBasicEngine.h in Headers */ = {isa = PBXBuildFile; fileRef = 05A0868F2D7C31C600A3DEA5 /* BSBasicEngine.h */; settings = {ATTRIBUTES = (Public, ); }; };
		05A086922D7C31C600A3DEA5 /* BSBasicEngine.m in Sources */ = {isa = PBXBuildFile; fileRef = 05A086902D7C31C600A3DEA5 /* BSBasicEngine.m */; };
		05A086932D7C31C600A3DEA5 /* BSBasicEngine.m in Sources */ = {isa = PBXBuildFile; fileRef = 05A086902D7C31C600A3DEA5 /* BSBasicEngine.m */; };
		05A086942D7C31C600A3DEA5 /* BSBasicEngine.h in Headers */ = {isa = PBXBuildFile; fileRef = 05A0868F2D7C31C600A3DEA5 /* BSBasicEngine.h */; settings = {ATTRIBUTES = (Public, ); }; };
		05AE4B052D959E410095BD66 /* CNHeader.h in Headers */ = {isa = PBXBuildFile; fileRef = 05AE4B042D959E410095BD66 /* CNHeader.h */; settings = {ATTRIBUTES = (Public, ); }; };
		05AE4B062D959E410095BD66 /* CNHeader.h in Headers */ = {isa = PBXBuildFile; fileRef = 05AE4B042D959E410095BD66 /* CNHeader.h */; settings = {ATTRIBUTES = (Public, ); }; };
/* End PBXBuildFile section */

/* Begin PBXContainerItemProxy section */
		05C62FD12D7C4F8D00C42DB7 /* PBXContainerItemProxy */ = {
			isa = PBXContainerItemProxy;
			containerPortal = 050070D52D7C2DF700C9449B /* Project object */;
			proxyType = 1;
			remoteGlobalIDString = 05A086832D7C30CD00A3DEA5;
			remoteInfo = BasicKit_iOS;
		};
		05C62FD32D7C4F8D00C42DB7 /* PBXContainerItemProxy */ = {
			isa = PBXContainerItemProxy;
			containerPortal = 050070D52D7C2DF700C9449B /* Project object */;
			proxyType = 1;
			remoteGlobalIDString = 050070DD2D7C2DF700C9449B;
			remoteInfo = BasicKit_macOS;
		};
/* End PBXContainerItemProxy section */

/* Begin PBXCopyFilesBuildPhase section */
		051697E52D86705800628DF6 /* CopyFiles */ = {
			isa = PBXCopyFilesBuildPhase;
			buildActionMask = 2147483647;
			dstPath = /usr/share/man/man1/;
			dstSubfolderSpec = 0;
			files = (
			);
			runOnlyForDeploymentPostprocessing = 1;
		};
/* End PBXCopyFilesBuildPhase section */

/* Begin PBXFileReference section */
		050070DE2D7C2DF700C9449B /* BasicKit.framework */ = {isa = PBXFileReference; explicitFileType = wrapper.framework; includeInIndex = 0; path = BasicKit.framework; sourceTree = BUILT_PRODUCTS_DIR; };
		050BCF002D86D07E00C05DE3 /* CNValue.h */ = {isa = PBXFileReference; lastKnownFileType = sourcecode.c.h; path = CNValue.h; sourceTree = "<group>"; };
		050BCF012D86D07E00C05DE3 /* CNValue.c */ = {isa = PBXFileReference; lastKnownFileType = sourcecode.c.c; path = CNValue.c; sourceTree = "<group>"; };
		0510FBA42D7C533600AEE906 /* BasicKit.h */ = {isa = PBXFileReference; lastKnownFileType = sourcecode.c.h; path = BasicKit.h; sourceTree = "<group>"; };
		051697E72D86705800628DF6 /* UnitTest */ = {isa = PBXFileReference; explicitFileType = "compiled.mach-o.executable"; includeInIndex = 0; path = UnitTest; sourceTree = BUILT_PRODUCTS_DIR; };
		051D1A602DD7FE3700E42FBB /* CNCodeValue.h */ = {isa = PBXFileReference; lastKnownFileType = sourcecode.c.h; path = CNCodeValue.h; sourceTree = "<group>"; };
		051D1A612DD7FE3700E42FBB /* CNCodeValue.c */ = {isa = PBXFileReference; lastKnownFileType = sourcecode.c.c; path = CNCodeValue.c; sourceTree = "<group>"; };
		051D1A672DD86F0200E42FBB /* ArisiaBasic-Lex.l */ = {isa = PBXFileReference; lastKnownFileType = sourcecode.lex; path = "ArisiaBasic-Lex.l"; sourceTree = "<group>"; };
		051D1A6D2DD86F2300E42FBB /* ArisiaBasic-Yacc.y */ = {isa = PBXFileReference; lastKnownFileType = sourcecode.yacc; path = "ArisiaBasic-Yacc.y"; sourceTree = "<group>"; };
		051D1A702DD88D7800E42FBB /* ArisiaBasic.h */ = {isa = PBXFileReference; lastKnownFileType = sourcecode.c.h; path = ArisiaBasic.h; sourceTree = "<group>"; };
		051D1A742DD8BE3F00E42FBB /* CNFile.h */ = {isa = PBXFileReference; lastKnownFileType = sourcecode.c.h; path = CNFile.h; sourceTree = "<group>"; };
		051D1A752DD8BE3F00E42FBB /* CNFile.c */ = {isa = PBXFileReference; lastKnownFileType = sourcecode.c.c; path = CNFile.c; sourceTree = "<group>"; };
		051D1A7A2DD8C31700E42FBB /* CNValueList.h */ = {isa = PBXFileReference; lastKnownFileType = sourcecode.c.h; path = CNValueList.h; sourceTree = "<group>"; };
		051D1A7B2DD8C31700E42FBB /* CNValueList.c */ = {isa = PBXFileReference; lastKnownFileType = sourcecode.c.c; path = CNValueList.c; sourceTree = "<group>"; };
		0534727E2DCE593900ED4C3B /* CNNullValue.h */ = {isa = PBXFileReference; lastKnownFileType = sourcecode.c.h; path = CNNullValue.h; sourceTree = "<group>"; };
		0534727F2DCE593900ED4C3B /* CNNullValue.c */ = {isa = PBXFileReference; lastKnownFileType = sourcecode.c.c; path = CNNullValue.c; sourceTree = "<group>"; };
		053472842DCF065800ED4C3B /* CNArrayValue.h */ = {isa = PBXFileReference; lastKnownFileType = sourcecode.c.h; path = CNArrayValue.h; sourceTree = "<group>"; };
		053472852DCF065800ED4C3B /* CNArrayValue.c */ = {isa = PBXFileReference; lastKnownFileType = sourcecode.c.c; path = CNArrayValue.c; sourceTree = "<group>"; };
		0534728D2DCF4D8000ED4C3B /* CNDictionaryValue.h */ = {isa = PBXFileReference; lastKnownFileType = sourcecode.c.h; path = CNDictionaryValue.h; sourceTree = "<group>"; };
		0534728E2DCF4D8000ED4C3B /* CNDictionaryValue.c */ = {isa = PBXFileReference; lastKnownFileType = sourcecode.c.c; path = CNDictionaryValue.c; sourceTree = "<group>"; };
		053472932DCF58C500ED4C3B /* CNStringValue.h */ = {isa = PBXFileReference; lastKnownFileType = sourcecode.c.h; path = CNStringValue.h; sourceTree = "<group>"; };
		053472942DCF58C500ED4C3B /* CNStringValue.c */ = {isa = PBXFileReference; lastKnownFileType = sourcecode.c.c; path = CNStringValue.c; sourceTree = "<group>"; };
		054072C72DD03E4D009AB9C3 /* CNUtils.h */ = {isa = PBXFileReference; lastKnownFileType = sourcecode.c.h; path = CNUtils.h; sourceTree = "<group>"; };
		054072C82DD03E4D009AB9C3 /* CNUtils.c */ = {isa = PBXFileReference; lastKnownFileType = sourcecode.c.c; path = CNUtils.c; sourceTree = "<group>"; };
		054072E62DD38AFF009AB9C3 /* CNRegisterFile.h */ = {isa = PBXFileReference; lastKnownFileType = sourcecode.c.h; path = CNRegisterFile.h; sourceTree = "<group>"; };
		054072E72DD38AFF009AB9C3 /* CNRegisterFile.c */ = {isa = PBXFileReference; lastKnownFileType = sourcecode.c.c; path = CNRegisterFile.c; sourceTree = "<group>"; };
		054072EF2DD63621009AB9C3 /* CNValueStack.h */ = {isa = PBXFileReference; lastKnownFileType = sourcecode.c.h; path = CNValueStack.h; sourceTree = "<group>"; };
		054072F02DD63621009AB9C3 /* CNValueStack.c */ = {isa = PBXFileReference; lastKnownFileType = sourcecode.c.c; path = CNValueStack.c; sourceTree = "<group>"; };
		054176BF2DCCEF3300FC331F /* CNType.h */ = {isa = PBXFileReference; lastKnownFileType = sourcecode.c.h; path = CNType.h; sourceTree = "<group>"; };
		054176C22DCCF34D00FC331F /* CNNumberValue.h */ = {isa = PBXFileReference; lastKnownFileType = sourcecode.c.h; path = CNNumberValue.h; sourceTree = "<group>"; };
		054176C32DCCF34D00FC331F /* CNNumberValue.c */ = {isa = PBXFileReference; lastKnownFileType = sourcecode.c.c; path = CNNumberValue.c; sourceTree = "<group>"; };
		05918B8B2DDA1992009B675B /* CNStringIterator.h */ = {isa = PBXFileReference; lastKnownFileType = sourcecode.c.h; path = CNStringIterator.h; sourceTree = "<group>"; };
		05918B8C2DDA1992009B675B /* CNStringIterator.c */ = {isa = PBXFileReference; lastKnownFileType = sourcecode.c.c; path = CNStringIterator.c; sourceTree = "<group>"; };
		059D76F52DCCF57700DA4FFB /* CNList.h */ = {isa = PBXFileReference; lastKnownFileType = sourcecode.c.h; path = CNList.h; sourceTree = "<group>"; };
		059D76F62DCCF57700DA4FFB /* CNList.c */ = {isa = PBXFileReference; lastKnownFileType = sourcecode.c.c; path = CNList.c; sourceTree = "<group>"; };
		059D76FC2DCCFA2000DA4FFB /* CNInterface.h */ = {isa = PBXFileReference; lastKnownFileType = sourcecode.c.h; path = CNInterface.h; sourceTree = "<group>"; };
		059D76FD2DCCFA2000DA4FFB /* CNInterface.c */ = {isa = PBXFileReference; lastKnownFileType = sourcecode.c.c; path = CNInterface.c; sourceTree = "<group>"; };
		059D77022DCD002500DA4FFB /* CNArrayPool.h */ = {isa = PBXFileReference; lastKnownFileType = sourcecode.c.h; path = CNArrayPool.h; sourceTree = "<group>"; };
		059D77032DCD002500DA4FFB /* CNArrayPool.c */ = {isa = PBXFileReference; lastKnownFileType = sourcecode.c.c; path = CNArrayPool.c; sourceTree = "<group>"; };
		059D77082DCD003500DA4FFB /* CNValuePool.h */ = {isa = PBXFileReference; lastKnownFileType = sourcecode.c.h; path = CNValuePool.h; sourceTree = "<group>"; };
		059D77092DCD003500DA4FFB /* CNValuePool.c */ = {isa = PBXFileReference; lastKnownFileType = sourcecode.c.c; path = CNValuePool.c; sourceTree = "<group>"; };
		059D770E2DCD006600DA4FFB /* CNPagePool.h */ = {isa = PBXFileReference; lastKnownFileType = sourcecode.c.h; path = CNPagePool.h; sourceTree = "<group>"; };
		059D770F2DCD006600DA4FFB /* CNPagePool.c */ = {isa = PBXFileReference; lastKnownFileType = sourcecode.c.c; path = CNPagePool.c; sourceTree = "<group>"; };
		059D77142DCD009000DA4FFB /* CNScalarPool.h */ = {isa = PBXFileReference; lastKnownFileType = sourcecode.c.h; path = CNScalarPool.h; sourceTree = "<group>"; };
		059D77152DCD009000DA4FFB /* CNScalarPool.c */ = {isa = PBXFileReference; lastKnownFileType = sourcecode.c.c; path = CNScalarPool.c; sourceTree = "<group>"; };
		05A086842D7C30CD00A3DEA5 /* BasicKit.framework */ = {isa = PBXFileReference; explicitFileType = wrapper.framework; includeInIndex = 0; path = BasicKit.framework; sourceTree = BUILT_PRODUCTS_DIR; };
		05A0868F2D7C31C600A3DEA5 /* BSBasicEngine.h */ = {isa = PBXFileReference; lastKnownFileType = sourcecode.c.h; path = BSBasicEngine.h; sourceTree = "<group>"; };
		05A086902D7C31C600A3DEA5 /* BSBasicEngine.m */ = {isa = PBXFileReference; lastKnownFileType = sourcecode.c.objc; path = BSBasicEngine.m; sourceTree = "<group>"; };
		05AE4B042D959E410095BD66 /* CNHeader.h */ = {isa = PBXFileReference; lastKnownFileType = sourcecode.c.h; path = CNHeader.h; sourceTree = "<group>"; };
		05C62FEC2D7C520C00C42DB7 /* BasicKit.xcframework */ = {isa = PBXFileReference; lastKnownFileType = wrapper.xcframework; name = BasicKit.xcframework; path = ../../../Library/Frameworks/BasicKit.xcframework; sourceTree = "<group>"; };
/* End PBXFileReference section */

/* Begin PBXFileSystemSynchronizedRootGroup section */
		050070E02D7C2DF700C9449B /* BasicKit_macOS */ = {
			isa = PBXFileSystemSynchronizedRootGroup;
			path = BasicKit_macOS;
			sourceTree = "<group>";
		};
		051697E82D86705800628DF6 /* UnitTest */ = {
			isa = PBXFileSystemSynchronizedRootGroup;
			path = UnitTest;
			sourceTree = "<group>";
		};
		05A086852D7C30CD00A3DEA5 /* BasicKit_iOS */ = {
			isa = PBXFileSystemSynchronizedRootGroup;
			path = BasicKit_iOS;
			sourceTree = "<group>";
		};
/* End PBXFileSystemSynchronizedRootGroup section */

/* Begin PBXFrameworksBuildPhase section */
		050070DB2D7C2DF700C9449B /* Frameworks */ = {
			isa = PBXFrameworksBuildPhase;
			buildActionMask = 2147483647;
			files = (
			);
			runOnlyForDeploymentPostprocessing = 0;
		};
		051697E42D86705800628DF6 /* Frameworks */ = {
			isa = PBXFrameworksBuildPhase;
			buildActionMask = 2147483647;
			files = (
				050BCEFF2D86C70300C05DE3 /* BasicKit.xcframework in Frameworks */,
			);
			runOnlyForDeploymentPostprocessing = 0;
		};
		05A086812D7C30CD00A3DEA5 /* Frameworks */ = {
			isa = PBXFrameworksBuildPhase;
			buildActionMask = 2147483647;
			files = (
			);
			runOnlyForDeploymentPostprocessing = 0;
		};
/* End PBXFrameworksBuildPhase section */

/* Begin PBXGroup section */
		050070D42D7C2DF700C9449B = {
			isa = PBXGroup;
			children = (
				050070E02D7C2DF700C9449B /* BasicKit_macOS */,
				05A086852D7C30CD00A3DEA5 /* BasicKit_iOS */,
				05A0868E2D7C316400A3DEA5 /* Source */,
				05C62FE82D7C50F800C42DB7 /* Test */,
				05C62FEB2D7C520C00C42DB7 /* Frameworks */,
				050070DF2D7C2DF700C9449B /* Products */,
			);
			sourceTree = "<group>";
		};
		050070DF2D7C2DF700C9449B /* Products */ = {
			isa = PBXGroup;
			children = (
				050070DE2D7C2DF700C9449B /* BasicKit.framework */,
				05A086842D7C30CD00A3DEA5 /* BasicKit.framework */,
				051697E72D86705800628DF6 /* UnitTest */,
			);
			name = Products;
			sourceTree = "<group>";
		};
		051697D92D86657D00628DF6 /* Data */ = {
			isa = PBXGroup;
			children = (
				054176BF2DCCEF3300FC331F /* CNType.h */,
				050BCF002D86D07E00C05DE3 /* CNValue.h */,
				050BCF012D86D07E00C05DE3 /* CNValue.c */,
				0534727E2DCE593900ED4C3B /* CNNullValue.h */,
				0534727F2DCE593900ED4C3B /* CNNullValue.c */,
				054176C22DCCF34D00FC331F /* CNNumberValue.h */,
				054176C32DCCF34D00FC331F /* CNNumberValue.c */,
				053472932DCF58C500ED4C3B /* CNStringValue.h */,
				053472942DCF58C500ED4C3B /* CNStringValue.c */,
				053472842DCF065800ED4C3B /* CNArrayValue.h */,
				053472852DCF065800ED4C3B /* CNArrayValue.c */,
				0534728D2DCF4D8000ED4C3B /* CNDictionaryValue.h */,
				0534728E2DCF4D8000ED4C3B /* CNDictionaryValue.c */,
				051D1A602DD7FE3700E42FBB /* CNCodeValue.h */,
				051D1A612DD7FE3700E42FBB /* CNCodeValue.c */,
				054072EF2DD63621009AB9C3 /* CNValueStack.h */,
				054072F02DD63621009AB9C3 /* CNValueStack.c */,
				051D1A7A2DD8C31700E42FBB /* CNValueList.h */,
				051D1A7B2DD8C31700E42FBB /* CNValueList.c */,
				05918B8B2DDA1992009B675B /* CNStringIterator.h */,
				05918B8C2DDA1992009B675B /* CNStringIterator.c */,
				059D77082DCD003500DA4FFB /* CNValuePool.h */,
				059D77092DCD003500DA4FFB /* CNValuePool.c */,
				059D77142DCD009000DA4FFB /* CNScalarPool.h */,
				059D77152DCD009000DA4FFB /* CNScalarPool.c */,
				059D77022DCD002500DA4FFB /* CNArrayPool.h */,
				059D77032DCD002500DA4FFB /* CNArrayPool.c */,
				059D770E2DCD006600DA4FFB /* CNPagePool.h */,
				059D770F2DCD006600DA4FFB /* CNPagePool.c */,
				059D76F52DCCF57700DA4FFB /* CNList.h */,
				059D76F62DCCF57700DA4FFB /* CNList.c */,
				054072C72DD03E4D009AB9C3 /* CNUtils.h */,
				054072C82DD03E4D009AB9C3 /* CNUtils.c */,
			);
			path = Data;
			sourceTree = "<group>";
		};
		051D1A662DD86ECA00E42FBB /* Parser */ = {
			isa = PBXGroup;
			children = (
				051D1A702DD88D7800E42FBB /* ArisiaBasic.h */,
				051D1A672DD86F0200E42FBB /* ArisiaBasic-Lex.l */,
				051D1A6D2DD86F2300E42FBB /* ArisiaBasic-Yacc.y */,
			);
			path = Parser;
			sourceTree = "<group>";
		};
		051D1A732DD8BE1400E42FBB /* File */ = {
			isa = PBXGroup;
			children = (
				051D1A742DD8BE3F00E42FBB /* CNFile.h */,
				051D1A752DD8BE3F00E42FBB /* CNFile.c */,
			);
			path = File;
			sourceTree = "<group>";
		};
		054072E52DD38A19009AB9C3 /* Engine */ = {
			isa = PBXGroup;
			children = (
				054072E62DD38AFF009AB9C3 /* CNRegisterFile.h */,
				054072E72DD38AFF009AB9C3 /* CNRegisterFile.c */,
			);
			path = Engine;
			sourceTree = "<group>";
		};
		059D76FB2DCCF9E700DA4FFB /* Interface */ = {
			isa = PBXGroup;
			children = (
				059D76FC2DCCFA2000DA4FFB /* CNInterface.h */,
				059D76FD2DCCFA2000DA4FFB /* CNInterface.c */,
			);
			path = Interface;
			sourceTree = "<group>";
		};
		05A0868E2D7C316400A3DEA5 /* Source */ = {
			isa = PBXGroup;
			children = (
				0510FBA42D7C533600AEE906 /* BasicKit.h */,
				05AE4B042D959E410095BD66 /* CNHeader.h */,
				05A0868F2D7C31C600A3DEA5 /* BSBasicEngine.h */,
				05A086902D7C31C600A3DEA5 /* BSBasicEngine.m */,
				059D76FB2DCCF9E700DA4FFB /* Interface */,
				051D1A732DD8BE1400E42FBB /* File */,
				051D1A662DD86ECA00E42FBB /* Parser */,
				054072E52DD38A19009AB9C3 /* Engine */,
				051697D92D86657D00628DF6 /* Data */,
			);
			name = Source;
			path = ../Source;
			sourceTree = "<group>";
		};
		05C62FE82D7C50F800C42DB7 /* Test */ = {
			isa = PBXGroup;
			children = (
				051697E82D86705800628DF6 /* UnitTest */,
			);
			name = Test;
			path = ../Test;
			sourceTree = "<group>";
		};
		05C62FEB2D7C520C00C42DB7 /* Frameworks */ = {
			isa = PBXGroup;
			children = (
				05C62FEC2D7C520C00C42DB7 /* BasicKit.xcframework */,
			);
			name = Frameworks;
			sourceTree = "<group>";
		};
/* End PBXGroup section */

/* Begin PBXHeadersBuildPhase section */
		050070D92D7C2DF700C9449B /* Headers */ = {
			isa = PBXHeadersBuildPhase;
			buildActionMask = 2147483647;
			files = (
				0510FBB22D7C680500AEE906 /* BasicKit.h in Headers */,
				05A086912D7C31C600A3DEA5 /* BSBasicEngine.h in Headers */,
				054176C02DCCEF3300FC331F /* CNType.h in Headers */,
				05AE4B052D959E410095BD66 /* CNHeader.h in Headers */,
				059D76F92DCCF57700DA4FFB /* CNList.h in Headers */,
				059D77062DCD002500DA4FFB /* CNArrayPool.h in Headers */,
				059D77182DCD009000DA4FFB /* CNScalarPool.h in Headers */,
				059D770D2DCD003500DA4FFB /* CNValuePool.h in Headers */,
				059D77122DCD006600DA4FFB /* CNPagePool.h in Headers */,
				053472822DCE593900ED4C3B /* CNNullValue.h in Headers */,
				059D76FF2DCCFA2000DA4FFB /* CNInterface.h in Headers */,
				053472912DCF4D8000ED4C3B /* CNDictionaryValue.h in Headers */,
				053472882DCF065800ED4C3B /* CNArrayValue.h in Headers */,
				053472952DCF58C500ED4C3B /* CNStringValue.h in Headers */,
				054072E82DD38AFF009AB9C3 /* CNRegisterFile.h in Headers */,
				051D1A652DD7FE3700E42FBB /* CNCodeValue.h in Headers */,
				054072F32DD63621009AB9C3 /* CNValueStack.h in Headers */,
				051D1A7C2DD8C31700E42FBB /* CNValueList.h in Headers */,
				051D1A782DD8BE3F00E42FBB /* CNFile.h in Headers */,
				05918B902DDA1992009B675B /* CNStringIterator.h in Headers */,
				054176C52DCCF34D00FC331F /* CNNumberValue.h in Headers */,
				054072CB2DD03E4D009AB9C3 /* CNUtils.h in Headers */,
				050BCF032D86D07E00C05DE3 /* CNValue.h in Headers */,
				051D1A712DD88D7800E42FBB /* ArisiaBasic.h in Headers */,
			);
			runOnlyForDeploymentPostprocessing = 0;
		};
		05A0867F2D7C30CD00A3DEA5 /* Headers */ = {
			isa = PBXHeadersBuildPhase;
			buildActionMask = 2147483647;
			files = (
				0510FBA72D7C533600AEE906 /* BasicKit.h in Headers */,
				05A086942D7C31C600A3DEA5 /* BSBasicEngine.h in Headers */,
				054176C12DCCEF3300FC331F /* CNType.h in Headers */,
				05AE4B062D959E410095BD66 /* CNHeader.h in Headers */,
				059D77042DCD002500DA4FFB /* CNArrayPool.h in Headers */,
				059D77162DCD009000DA4FFB /* CNScalarPool.h in Headers */,
				059D770A2DCD003500DA4FFB /* CNValuePool.h in Headers */,
				059D77102DCD006600DA4FFB /* CNPagePool.h in Headers */,
				059D76F72DCCF57700DA4FFB /* CNList.h in Headers */,
				053472812DCE593900ED4C3B /* CNNullValue.h in Headers */,
				059D77002DCCFA2000DA4FFB /* CNInterface.h in Headers */,
				053472872DCF065800ED4C3B /* CNArrayValue.h in Headers */,
				053472902DCF4D8000ED4C3B /* CNDictionaryValue.h in Headers */,
				054072EA2DD38AFF009AB9C3 /* CNRegisterFile.h in Headers */,
				053472982DCF58C500ED4C3B /* CNStringValue.h in Headers */,
				054072F22DD63621009AB9C3 /* CNValueStack.h in Headers */,
				051D1A632DD7FE3700E42FBB /* CNCodeValue.h in Headers */,
				051D1A762DD8BE3F00E42FBB /* CNFile.h in Headers */,
				05918B8D2DDA1992009B675B /* CNStringIterator.h in Headers */,
				050BCF042D86D07E00C05DE3 /* CNValue.h in Headers */,
				051D1A7E2DD8C31700E42FBB /* CNValueList.h in Headers */,
				054072CA2DD03E4D009AB9C3 /* CNUtils.h in Headers */,
				051D1A722DD88D7800E42FBB /* ArisiaBasic.h in Headers */,
				054176C62DCCF34D00FC331F /* CNNumberValue.h in Headers */,
			);
			runOnlyForDeploymentPostprocessing = 0;
		};
/* End PBXHeadersBuildPhase section */

/* Begin PBXLegacyTarget section */
		05C62FCD2D7C4F7400C42DB7 /* Install */ = {
			isa = PBXLegacyTarget;
			buildArgumentsString = "-f ../Script/install.mk";
			buildConfigurationList = 05C62FCE2D7C4F7400C42DB7 /* Build configuration list for PBXLegacyTarget "Install" */;
			buildPhases = (
			);
			buildToolPath = /usr/bin/make;
			buildWorkingDirectory = "";
			dependencies = (
				05C62FD22D7C4F8D00C42DB7 /* PBXTargetDependency */,
				05C62FD42D7C4F8D00C42DB7 /* PBXTargetDependency */,
			);
			name = Install;
			packageProductDependencies = (
			);
			passBuildSettingsInEnvironment = 1;
			productName = Install;
		};
/* End PBXLegacyTarget section */

/* Begin PBXNativeTarget section */
		050070DD2D7C2DF700C9449B /* BasicKit_macOS */ = {
			isa = PBXNativeTarget;
			buildConfigurationList = 050070E62D7C2DF700C9449B /* Build configuration list for PBXNativeTarget "BasicKit_macOS" */;
			buildPhases = (
				050070D92D7C2DF700C9449B /* Headers */,
				050070DA2D7C2DF700C9449B /* Sources */,
				050070DB2D7C2DF700C9449B /* Frameworks */,
				050070DC2D7C2DF700C9449B /* Resources */,
			);
			buildRules = (
			);
			dependencies = (
			);
			fileSystemSynchronizedGroups = (
				050070E02D7C2DF700C9449B /* BasicKit_macOS */,
			);
			name = BasicKit_macOS;
			packageProductDependencies = (
			);
			productName = BasicKit;
			productReference = 050070DE2D7C2DF700C9449B /* BasicKit.framework */;
			productType = "com.apple.product-type.framework";
		};
		051697E62D86705800628DF6 /* UnitTest */ = {
			isa = PBXNativeTarget;
			buildConfigurationList = 051697EB2D86705800628DF6 /* Build configuration list for PBXNativeTarget "UnitTest" */;
			buildPhases = (
				051697E32D86705800628DF6 /* Sources */,
				051697E42D86705800628DF6 /* Frameworks */,
				051697E52D86705800628DF6 /* CopyFiles */,
			);
			buildRules = (
			);
			dependencies = (
			);
			fileSystemSynchronizedGroups = (
				051697E82D86705800628DF6 /* UnitTest */,
			);
			name = UnitTest;
			packageProductDependencies = (
			);
			productName = UnitTest;
			productReference = 051697E72D86705800628DF6 /* UnitTest */;
			productType = "com.apple.product-type.tool";
		};
		05A086832D7C30CD00A3DEA5 /* BasicKit_iOS */ = {
			isa = PBXNativeTarget;
			buildConfigurationList = 05A0868B2D7C30CD00A3DEA5 /* Build configuration list for PBXNativeTarget "BasicKit_iOS" */;
			buildPhases = (
				05A0867F2D7C30CD00A3DEA5 /* Headers */,
				05A086802D7C30CD00A3DEA5 /* Sources */,
				05A086812D7C30CD00A3DEA5 /* Frameworks */,
				05A086822D7C30CD00A3DEA5 /* Resources */,
			);
			buildRules = (
			);
			dependencies = (
			);
			fileSystemSynchronizedGroups = (
				05A086852D7C30CD00A3DEA5 /* BasicKit_iOS */,
			);
			name = BasicKit_iOS;
			packageProductDependencies = (
			);
			productName = BasicKit;
			productReference = 05A086842D7C30CD00A3DEA5 /* BasicKit.framework */;
			productType = "com.apple.product-type.framework";
		};
/* End PBXNativeTarget section */

/* Begin PBXProject section */
		050070D52D7C2DF700C9449B /* Project object */ = {
			isa = PBXProject;
			attributes = {
				BuildIndependentTargetsInParallel = 1;
				LastSwiftUpdateCheck = 1620;
				LastUpgradeCheck = 1630;
				TargetAttributes = {
					050070DD2D7C2DF700C9449B = {
						CreatedOnToolsVersion = 16.2;
						LastSwiftMigration = 1630;
					};
					051697E62D86705800628DF6 = {
						CreatedOnToolsVersion = 16.2;
						LastSwiftMigration = 1620;
					};
					05A086832D7C30CD00A3DEA5 = {
						CreatedOnToolsVersion = 16.2;
						LastSwiftMigration = 1630;
					};
					05C62FCD2D7C4F7400C42DB7 = {
						CreatedOnToolsVersion = 16.2;
					};
				};
			};
			buildConfigurationList = 050070D82D7C2DF700C9449B /* Build configuration list for PBXProject "BasicKit" */;
			developmentRegion = en;
			hasScannedForEncodings = 0;
			knownRegions = (
				en,
				Base,
			);
			mainGroup = 050070D42D7C2DF700C9449B;
			minimizedProjectReferenceProxies = 1;
			preferredProjectObjectVersion = 77;
			productRefGroup = 050070DF2D7C2DF700C9449B /* Products */;
			projectDirPath = "";
			projectRoot = "";
			targets = (
				050070DD2D7C2DF700C9449B /* BasicKit_macOS */,
				05A086832D7C30CD00A3DEA5 /* BasicKit_iOS */,
				05C62FCD2D7C4F7400C42DB7 /* Install */,
				051697E62D86705800628DF6 /* UnitTest */,
			);
		};
/* End PBXProject section */

/* Begin PBXResourcesBuildPhase section */
		050070DC2D7C2DF700C9449B /* Resources */ = {
			isa = PBXResourcesBuildPhase;
			buildActionMask = 2147483647;
			files = (
			);
			runOnlyForDeploymentPostprocessing = 0;
		};
		05A086822D7C30CD00A3DEA5 /* Resources */ = {
			isa = PBXResourcesBuildPhase;
			buildActionMask = 2147483647;
			files = (
			);
			runOnlyForDeploymentPostprocessing = 0;
		};
/* End PBXResourcesBuildPhase section */

/* Begin PBXSourcesBuildPhase section */
		050070DA2D7C2DF700C9449B /* Sources */ = {
			isa = PBXSourcesBuildPhase;
			buildActionMask = 2147483647;
			files = (
				050BCF022D86D07E00C05DE3 /* CNValue.c in Sources */,
				053472922DCF4D8000ED4C3B /* CNDictionaryValue.c in Sources */,
				054176C42DCCF34D00FC331F /* CNNumberValue.c in Sources */,
				053472832DCE593900ED4C3B /* CNNullValue.c in Sources */,
				059D77192DCD009000DA4FFB /* CNScalarPool.c in Sources */,
				053472892DCF065800ED4C3B /* CNArrayValue.c in Sources */,
				059D76FE2DCCFA2000DA4FFB /* CNInterface.c in Sources */,
				051D1A792DD8BE3F00E42FBB /* CNFile.c in Sources */,
				054072E92DD38AFF009AB9C3 /* CNRegisterFile.c in Sources */,
				054072F42DD63621009AB9C3 /* CNValueStack.c in Sources */,
				051D1A642DD7FE3700E42FBB /* CNCodeValue.c in Sources */,
				059D77072DCD002500DA4FFB /* CNArrayPool.c in Sources */,
				05A086922D7C31C600A3DEA5 /* BSBasicEngine.m in Sources */,
				059D770C2DCD003500DA4FFB /* CNValuePool.c in Sources */,
				054072CC2DD03E4D009AB9C3 /* CNUtils.c in Sources */,
				05918B8F2DDA1992009B675B /* CNStringIterator.c in Sources */,
				051D1A6F2DD86F2300E42FBB /* ArisiaBasic-Yacc.y in Sources */,
				053472962DCF58C500ED4C3B /* CNStringValue.c in Sources */,
				059D76FA2DCCF57700DA4FFB /* CNList.c in Sources */,
				059D77132DCD006600DA4FFB /* CNPagePool.c in Sources */,
				051D1A7D2DD8C31700E42FBB /* CNValueList.c in Sources */,
				051D1A682DD86F0200E42FBB /* ArisiaBasic-Lex.l in Sources */,
			);
			runOnlyForDeploymentPostprocessing = 0;
		};
		051697E32D86705800628DF6 /* Sources */ = {
			isa = PBXSourcesBuildPhase;
			buildActionMask = 2147483647;
			files = (
			);
			runOnlyForDeploymentPostprocessing = 0;
		};
		05A086802D7C30CD00A3DEA5 /* Sources */ = {
			isa = PBXSourcesBuildPhase;
			buildActionMask = 2147483647;
			files = (
				050BCF052D86D07E00C05DE3 /* CNValue.c in Sources */,
				0534728F2DCF4D8000ED4C3B /* CNDictionaryValue.c in Sources */,
				054176C72DCCF34D00FC331F /* CNNumberValue.c in Sources */,
				053472802DCE593900ED4C3B /* CNNullValue.c in Sources */,
				059D77172DCD009000DA4FFB /* CNScalarPool.c in Sources */,
				053472862DCF065800ED4C3B /* CNArrayValue.c in Sources */,
				059D77012DCCFA2000DA4FFB /* CNInterface.c in Sources */,
				051D1A772DD8BE3F00E42FBB /* CNFile.c in Sources */,
				054072EB2DD38AFF009AB9C3 /* CNRegisterFile.c in Sources */,
				054072F12DD63621009AB9C3 /* CNValueStack.c in Sources */,
				051D1A622DD7FE3700E42FBB /* CNCodeValue.c in Sources */,
				059D77052DCD002500DA4FFB /* CNArrayPool.c in Sources */,
				05A086932D7C31C600A3DEA5 /* BSBasicEngine.m in Sources */,
				059D770B2DCD003500DA4FFB /* CNValuePool.c in Sources */,
				054072C92DD03E4D009AB9C3 /* CNUtils.c in Sources */,
				05918B8E2DDA1992009B675B /* CNStringIterator.c in Sources */,
				051D1A6E2DD86F2300E42FBB /* ArisiaBasic-Yacc.y in Sources */,
				053472972DCF58C500ED4C3B /* CNStringValue.c in Sources */,
				059D76F82DCCF57700DA4FFB /* CNList.c in Sources */,
				059D77112DCD006600DA4FFB /* CNPagePool.c in Sources */,
				051D1A7F2DD8C31700E42FBB /* CNValueList.c in Sources */,
				051D1A692DD86F0200E42FBB /* ArisiaBasic-Lex.l in Sources */,
			);
			runOnlyForDeploymentPostprocessing = 0;
		};
/* End PBXSourcesBuildPhase section */

/* Begin PBXTargetDependency section */
		05C62FD22D7C4F8D00C42DB7 /* PBXTargetDependency */ = {
			isa = PBXTargetDependency;
			target = 05A086832D7C30CD00A3DEA5 /* BasicKit_iOS */;
			targetProxy = 05C62FD12D7C4F8D00C42DB7 /* PBXContainerItemProxy */;
		};
		05C62FD42D7C4F8D00C42DB7 /* PBXTargetDependency */ = {
			isa = PBXTargetDependency;
			target = 050070DD2D7C2DF700C9449B /* BasicKit_macOS */;
			targetProxy = 05C62FD32D7C4F8D00C42DB7 /* PBXContainerItemProxy */;
		};
/* End PBXTargetDependency section */

/* Begin XCBuildConfiguration section */
		050070E72D7C2DF700C9449B /* Debug */ = {
			isa = XCBuildConfiguration;
			buildSettings = {
				BUILD_LIBRARY_FOR_DISTRIBUTION = YES;
				CLANG_ENABLE_MODULES = YES;
				CODE_SIGN_STYLE = Automatic;
				COMBINE_HIDPI_IMAGES = YES;
				CURRENT_PROJECT_VERSION = 1;
				DEAD_CODE_STRIPPING = YES;
				DEFINES_MODULE = YES;
				DEVELOPMENT_TEAM = TR2DNF3P93;
				DYLIB_COMPATIBILITY_VERSION = 1;
				DYLIB_CURRENT_VERSION = 1;
				DYLIB_INSTALL_NAME_BASE = "@rpath";
				ENABLE_MODULE_VERIFIER = YES;
				GCC_OPTIMIZATION_LEVEL = 2;
				GENERATE_INFOPLIST_FILE = YES;
				HEADER_SEARCH_PATHS = "";
				INFOPLIST_KEY_NSHumanReadableCopyright = "";
				INSTALL_PATH = "$HOME)/Library/Frameworks";
				LD_RUNPATH_SEARCH_PATHS = (
					"$(inherited)",
					"@executable_path/../Frameworks",
					"@loader_path/Frameworks",
				);
				MARKETING_VERSION = 1.0;
				MODULE_VERIFIER_SUPPORTED_LANGUAGES = "objective-c objective-c++";
				MODULE_VERIFIER_SUPPORTED_LANGUAGE_STANDARDS = "gnu17 gnu++20";
				PRODUCT_BUNDLE_IDENTIFIER = "com.github.steel-wheels.BasicKit.macOS.BasicKit";
				PRODUCT_NAME = BasicKit;
				SKIP_INSTALL = YES;
				SWIFT_EMIT_LOC_STRINGS = YES;
				SWIFT_INSTALL_OBJC_HEADER = YES;
				SWIFT_OBJC_BRIDGING_HEADER = "";
				SWIFT_OPTIMIZATION_LEVEL = "-Onone";
				SWIFT_VERSION = 5.0;
			};
			name = Debug;
		};
		050070E82D7C2DF700C9449B /* Release */ = {
			isa = XCBuildConfiguration;
			buildSettings = {
				BUILD_LIBRARY_FOR_DISTRIBUTION = YES;
				CLANG_ENABLE_MODULES = YES;
				CODE_SIGN_STYLE = Automatic;
				COMBINE_HIDPI_IMAGES = YES;
				CURRENT_PROJECT_VERSION = 1;
				DEAD_CODE_STRIPPING = YES;
				DEFINES_MODULE = YES;
				DEVELOPMENT_TEAM = TR2DNF3P93;
				DYLIB_COMPATIBILITY_VERSION = 1;
				DYLIB_CURRENT_VERSION = 1;
				DYLIB_INSTALL_NAME_BASE = "@rpath";
				ENABLE_MODULE_VERIFIER = YES;
				GCC_OPTIMIZATION_LEVEL = 2;
				GENERATE_INFOPLIST_FILE = YES;
				HEADER_SEARCH_PATHS = "";
				INFOPLIST_KEY_NSHumanReadableCopyright = "";
				INSTALL_PATH = "$HOME)/Library/Frameworks";
				LD_RUNPATH_SEARCH_PATHS = (
					"$(inherited)",
					"@executable_path/../Frameworks",
					"@loader_path/Frameworks",
				);
				MARKETING_VERSION = 1.0;
				MODULE_VERIFIER_SUPPORTED_LANGUAGES = "objective-c objective-c++";
				MODULE_VERIFIER_SUPPORTED_LANGUAGE_STANDARDS = "gnu17 gnu++20";
				PRODUCT_BUNDLE_IDENTIFIER = "com.github.steel-wheels.BasicKit.macOS.BasicKit";
				PRODUCT_NAME = BasicKit;
				SKIP_INSTALL = YES;
				SWIFT_EMIT_LOC_STRINGS = YES;
				SWIFT_INSTALL_OBJC_HEADER = YES;
				SWIFT_OBJC_BRIDGING_HEADER = "";
				SWIFT_VERSION = 5.0;
			};
			name = Release;
		};
		050070E92D7C2DF700C9449B /* Debug */ = {
			isa = XCBuildConfiguration;
			buildSettings = {
				ALWAYS_SEARCH_USER_PATHS = NO;
				ASSETCATALOG_COMPILER_GENERATE_SWIFT_ASSET_SYMBOL_EXTENSIONS = YES;
				CLANG_ANALYZER_NONNULL = YES;
				CLANG_ANALYZER_NUMBER_OBJECT_CONVERSION = YES_AGGRESSIVE;
				CLANG_CXX_LANGUAGE_STANDARD = "gnu++20";
				CLANG_ENABLE_MODULES = YES;
				CLANG_ENABLE_OBJC_ARC = YES;
				CLANG_ENABLE_OBJC_WEAK = YES;
				CLANG_WARN_BLOCK_CAPTURE_AUTORELEASING = YES;
				CLANG_WARN_BOOL_CONVERSION = YES;
				CLANG_WARN_COMMA = YES;
				CLANG_WARN_CONSTANT_CONVERSION = YES;
				CLANG_WARN_DEPRECATED_OBJC_IMPLEMENTATIONS = YES;
				CLANG_WARN_DIRECT_OBJC_ISA_USAGE = YES_ERROR;
				CLANG_WARN_DOCUMENTATION_COMMENTS = YES;
				CLANG_WARN_EMPTY_BODY = YES;
				CLANG_WARN_ENUM_CONVERSION = YES;
				CLANG_WARN_INFINITE_RECURSION = YES;
				CLANG_WARN_INT_CONVERSION = YES;
				CLANG_WARN_NON_LITERAL_NULL_CONVERSION = YES;
				CLANG_WARN_OBJC_IMPLICIT_RETAIN_SELF = YES;
				CLANG_WARN_OBJC_LITERAL_CONVERSION = YES;
				CLANG_WARN_OBJC_ROOT_CLASS = YES_ERROR;
				CLANG_WARN_QUOTED_INCLUDE_IN_FRAMEWORK_HEADER = YES;
				CLANG_WARN_RANGE_LOOP_ANALYSIS = YES;
				CLANG_WARN_STRICT_PROTOTYPES = YES;
				CLANG_WARN_SUSPICIOUS_MOVE = YES;
				CLANG_WARN_UNGUARDED_AVAILABILITY = YES_AGGRESSIVE;
				CLANG_WARN_UNREACHABLE_CODE = YES;
				CLANG_WARN__DUPLICATE_METHOD_MATCH = YES;
				COPY_PHASE_STRIP = NO;
				CURRENT_PROJECT_VERSION = 1;
				DEAD_CODE_STRIPPING = YES;
				DEBUG_INFORMATION_FORMAT = dwarf;
				ENABLE_STRICT_OBJC_MSGSEND = YES;
				ENABLE_TESTABILITY = YES;
				ENABLE_USER_SCRIPT_SANDBOXING = YES;
				GCC_C_LANGUAGE_STANDARD = gnu17;
				GCC_DYNAMIC_NO_PIC = NO;
				GCC_NO_COMMON_BLOCKS = YES;
				GCC_OPTIMIZATION_LEVEL = 0;
				GCC_PREPROCESSOR_DEFINITIONS = (
					"DEBUG=1",
					"$(inherited)",
				);
				GCC_WARN_64_TO_32_BIT_CONVERSION = YES;
				GCC_WARN_ABOUT_RETURN_TYPE = YES_ERROR;
				GCC_WARN_UNDECLARED_SELECTOR = YES;
				GCC_WARN_UNINITIALIZED_AUTOS = YES_AGGRESSIVE;
				GCC_WARN_UNUSED_FUNCTION = YES;
				GCC_WARN_UNUSED_VARIABLE = YES;
				LOCALIZATION_PREFERS_STRING_CATALOGS = YES;
				MACOSX_DEPLOYMENT_TARGET = 15.2;
				MTL_ENABLE_DEBUG_INFO = INCLUDE_SOURCE;
				MTL_FAST_MATH = YES;
				ONLY_ACTIVE_ARCH = YES;
				SDKROOT = macosx;
				SWIFT_ACTIVE_COMPILATION_CONDITIONS = "DEBUG $(inherited)";
				SWIFT_OPTIMIZATION_LEVEL = "-Onone";
				VERSIONING_SYSTEM = "apple-generic";
				VERSION_INFO_PREFIX = "";
			};
			name = Debug;
		};
		050070EA2D7C2DF700C9449B /* Release */ = {
			isa = XCBuildConfiguration;
			buildSettings = {
				ALWAYS_SEARCH_USER_PATHS = NO;
				ASSETCATALOG_COMPILER_GENERATE_SWIFT_ASSET_SYMBOL_EXTENSIONS = YES;
				CLANG_ANALYZER_NONNULL = YES;
				CLANG_ANALYZER_NUMBER_OBJECT_CONVERSION = YES_AGGRESSIVE;
				CLANG_CXX_LANGUAGE_STANDARD = "gnu++20";
				CLANG_ENABLE_MODULES = YES;
				CLANG_ENABLE_OBJC_ARC = YES;
				CLANG_ENABLE_OBJC_WEAK = YES;
				CLANG_WARN_BLOCK_CAPTURE_AUTORELEASING = YES;
				CLANG_WARN_BOOL_CONVERSION = YES;
				CLANG_WARN_COMMA = YES;
				CLANG_WARN_CONSTANT_CONVERSION = YES;
				CLANG_WARN_DEPRECATED_OBJC_IMPLEMENTATIONS = YES;
				CLANG_WARN_DIRECT_OBJC_ISA_USAGE = YES_ERROR;
				CLANG_WARN_DOCUMENTATION_COMMENTS = YES;
				CLANG_WARN_EMPTY_BODY = YES;
				CLANG_WARN_ENUM_CONVERSION = YES;
				CLANG_WARN_INFINITE_RECURSION = YES;
				CLANG_WARN_INT_CONVERSION = YES;
				CLANG_WARN_NON_LITERAL_NULL_CONVERSION = YES;
				CLANG_WARN_OBJC_IMPLICIT_RETAIN_SELF = YES;
				CLANG_WARN_OBJC_LITERAL_CONVERSION = YES;
				CLANG_WARN_OBJC_ROOT_CLASS = YES_ERROR;
				CLANG_WARN_QUOTED_INCLUDE_IN_FRAMEWORK_HEADER = YES;
				CLANG_WARN_RANGE_LOOP_ANALYSIS = YES;
				CLANG_WARN_STRICT_PROTOTYPES = YES;
				CLANG_WARN_SUSPICIOUS_MOVE = YES;
				CLANG_WARN_UNGUARDED_AVAILABILITY = YES_AGGRESSIVE;
				CLANG_WARN_UNREACHABLE_CODE = YES;
				CLANG_WARN__DUPLICATE_METHOD_MATCH = YES;
				COPY_PHASE_STRIP = NO;
				CURRENT_PROJECT_VERSION = 1;
				DEAD_CODE_STRIPPING = YES;
				DEBUG_INFORMATION_FORMAT = "dwarf-with-dsym";
				ENABLE_NS_ASSERTIONS = NO;
				ENABLE_STRICT_OBJC_MSGSEND = YES;
				ENABLE_USER_SCRIPT_SANDBOXING = YES;
				GCC_C_LANGUAGE_STANDARD = gnu17;
				GCC_NO_COMMON_BLOCKS = YES;
				GCC_WARN_64_TO_32_BIT_CONVERSION = YES;
				GCC_WARN_ABOUT_RETURN_TYPE = YES_ERROR;
				GCC_WARN_UNDECLARED_SELECTOR = YES;
				GCC_WARN_UNINITIALIZED_AUTOS = YES_AGGRESSIVE;
				GCC_WARN_UNUSED_FUNCTION = YES;
				GCC_WARN_UNUSED_VARIABLE = YES;
				LOCALIZATION_PREFERS_STRING_CATALOGS = YES;
				MACOSX_DEPLOYMENT_TARGET = 15.2;
				MTL_ENABLE_DEBUG_INFO = NO;
				MTL_FAST_MATH = YES;
				SDKROOT = macosx;
				SWIFT_COMPILATION_MODE = wholemodule;
				VERSIONING_SYSTEM = "apple-generic";
				VERSION_INFO_PREFIX = "";
			};
			name = Release;
		};
		051697EC2D86705800628DF6 /* Debug */ = {
			isa = XCBuildConfiguration;
			buildSettings = {
				CLANG_ENABLE_MODULES = YES;
				CODE_SIGN_STYLE = Automatic;
				DEAD_CODE_STRIPPING = YES;
				DEVELOPMENT_TEAM = TR2DNF3P93;
				ENABLE_HARDENED_RUNTIME = YES;
				PRODUCT_NAME = "$(TARGET_NAME)";
				SWIFT_OPTIMIZATION_LEVEL = "-Onone";
				SWIFT_VERSION = 5.0;
			};
			name = Debug;
		};
		051697ED2D86705800628DF6 /* Release */ = {
			isa = XCBuildConfiguration;
			buildSettings = {
				CLANG_ENABLE_MODULES = YES;
				CODE_SIGN_STYLE = Automatic;
				DEAD_CODE_STRIPPING = YES;
				DEVELOPMENT_TEAM = TR2DNF3P93;
				ENABLE_HARDENED_RUNTIME = YES;
				PRODUCT_NAME = "$(TARGET_NAME)";
				SWIFT_VERSION = 5.0;
			};
			name = Release;
		};
		05A0868C2D7C30CD00A3DEA5 /* Debug */ = {
			isa = XCBuildConfiguration;
			buildSettings = {
				BUILD_LIBRARY_FOR_DISTRIBUTION = YES;
				CLANG_ENABLE_MODULES = YES;
				CLANG_MODULES_DISABLE_PRIVATE_WARNING = NO;
				CODE_SIGN_STYLE = Automatic;
				CURRENT_PROJECT_VERSION = 1;
				DEFINES_MODULE = YES;
				DEVELOPMENT_TEAM = TR2DNF3P93;
				DYLIB_COMPATIBILITY_VERSION = 1;
				DYLIB_CURRENT_VERSION = 1;
				DYLIB_INSTALL_NAME_BASE = "@rpath";
				ENABLE_MODULE_VERIFIER = YES;
				GCC_OPTIMIZATION_LEVEL = 2;
				GENERATE_INFOPLIST_FILE = YES;
				INFOPLIST_KEY_NSHumanReadableCopyright = "";
				INSTALL_PATH = "$(HOME)/Library/Frameworks";
				IPHONEOS_DEPLOYMENT_TARGET = 18.2;
				LD_RUNPATH_SEARCH_PATHS = (
					"$(inherited)",
					"@executable_path/Frameworks",
					"@loader_path/Frameworks",
				);
				MARKETING_VERSION = 1.0;
				MODULE_VERIFIER_SUPPORTED_LANGUAGES = "objective-c objective-c++";
				MODULE_VERIFIER_SUPPORTED_LANGUAGE_STANDARDS = "gnu17 gnu++20";
				PRODUCT_BUNDLE_IDENTIFIER = "com.github.steel-wheels.BasicKit.iOS.BasicKit";
				PRODUCT_NAME = BasicKit;
				SDKROOT = iphoneos;
				SKIP_INSTALL = YES;
				SWIFT_EMIT_LOC_STRINGS = YES;
				SWIFT_INSTALL_OBJC_HEADER = YES;
				SWIFT_OBJC_BRIDGING_HEADER = "";
				SWIFT_OPTIMIZATION_LEVEL = "-Onone";
				SWIFT_VERSION = 5.0;
				TARGETED_DEVICE_FAMILY = "1,2";
			};
			name = Debug;
		};
		05A0868D2D7C30CD00A3DEA5 /* Release */ = {
			isa = XCBuildConfiguration;
			buildSettings = {
				BUILD_LIBRARY_FOR_DISTRIBUTION = YES;
				CLANG_ENABLE_MODULES = YES;
				CLANG_MODULES_DISABLE_PRIVATE_WARNING = NO;
				CODE_SIGN_STYLE = Automatic;
				CURRENT_PROJECT_VERSION = 1;
				DEFINES_MODULE = YES;
				DEVELOPMENT_TEAM = TR2DNF3P93;
				DYLIB_COMPATIBILITY_VERSION = 1;
				DYLIB_CURRENT_VERSION = 1;
				DYLIB_INSTALL_NAME_BASE = "@rpath";
				ENABLE_MODULE_VERIFIER = YES;
				GENERATE_INFOPLIST_FILE = YES;
				INFOPLIST_KEY_NSHumanReadableCopyright = "";
				INSTALL_PATH = "$(HOME)/Library/Frameworks";
				IPHONEOS_DEPLOYMENT_TARGET = 18.2;
				LD_RUNPATH_SEARCH_PATHS = (
					"$(inherited)",
					"@executable_path/Frameworks",
					"@loader_path/Frameworks",
				);
				MARKETING_VERSION = 1.0;
				MODULE_VERIFIER_SUPPORTED_LANGUAGES = "objective-c objective-c++";
				MODULE_VERIFIER_SUPPORTED_LANGUAGE_STANDARDS = "gnu17 gnu++20";
				PRODUCT_BUNDLE_IDENTIFIER = "com.github.steel-wheels.BasicKit.iOS.BasicKit";
				PRODUCT_NAME = BasicKit;
				SDKROOT = iphoneos;
				SKIP_INSTALL = YES;
				SWIFT_EMIT_LOC_STRINGS = YES;
				SWIFT_INSTALL_OBJC_HEADER = YES;
				SWIFT_OBJC_BRIDGING_HEADER = "";
				SWIFT_VERSION = 5.0;
				TARGETED_DEVICE_FAMILY = "1,2";
				VALIDATE_PRODUCT = YES;
			};
			name = Release;
		};
		05C62FCF2D7C4F7400C42DB7 /* Debug */ = {
			isa = XCBuildConfiguration;
			buildSettings = {
				CODE_SIGN_STYLE = Automatic;
				DEAD_CODE_STRIPPING = YES;
				DEBUGGING_SYMBOLS = YES;
				DEBUG_INFORMATION_FORMAT = dwarf;
				DEVELOPMENT_TEAM = TR2DNF3P93;
				GCC_GENERATE_DEBUGGING_SYMBOLS = YES;
				GCC_OPTIMIZATION_LEVEL = 0;
				OTHER_CFLAGS = "";
				OTHER_LDFLAGS = "";
				PRODUCT_NAME = "$(TARGET_NAME)";
			};
			name = Debug;
		};
		05C62FD02D7C4F7400C42DB7 /* Release */ = {
			isa = XCBuildConfiguration;
			buildSettings = {
				CODE_SIGN_STYLE = Automatic;
				DEAD_CODE_STRIPPING = YES;
				DEBUG_INFORMATION_FORMAT = "dwarf-with-dsym";
				DEVELOPMENT_TEAM = TR2DNF3P93;
				OTHER_CFLAGS = "";
				OTHER_LDFLAGS = "";
				PRODUCT_NAME = "$(TARGET_NAME)";
			};
			name = Release;
		};
/* End XCBuildConfiguration section */

/* Begin XCConfigurationList section */
		050070D82D7C2DF700C9449B /* Build configuration list for PBXProject "BasicKit" */ = {
			isa = XCConfigurationList;
			buildConfigurations = (
				050070E92D7C2DF700C9449B /* Debug */,
				050070EA2D7C2DF700C9449B /* Release */,
			);
			defaultConfigurationIsVisible = 0;
			defaultConfigurationName = Release;
		};
		050070E62D7C2DF700C9449B /* Build configuration list for PBXNativeTarget "BasicKit_macOS" */ = {
			isa = XCConfigurationList;
			buildConfigurations = (
				050070E72D7C2DF700C9449B /* Debug */,
				050070E82D7C2DF700C9449B /* Release */,
			);
			defaultConfigurationIsVisible = 0;
			defaultConfigurationName = Release;
		};
		051697EB2D86705800628DF6 /* Build configuration list for PBXNativeTarget "UnitTest" */ = {
			isa = XCConfigurationList;
			buildConfigurations = (
				051697EC2D86705800628DF6 /* Debug */,
				051697ED2D86705800628DF6 /* Release */,
			);
			defaultConfigurationIsVisible = 0;
			defaultConfigurationName = Release;
		};
		05A0868B2D7C30CD00A3DEA5 /* Build configuration list for PBXNativeTarget "BasicKit_iOS" */ = {
			isa = XCConfigurationList;
			buildConfigurations = (
				05A0868C2D7C30CD00A3DEA5 /* Debug */,
				05A0868D2D7C30CD00A3DEA5 /* Release */,
			);
			defaultConfigurationIsVisible = 0;
			defaultConfigurationName = Release;
		};
		05C62FCE2D7C4F7400C42DB7 /* Build configuration list for PBXLegacyTarget "Install" */ = {
			isa = XCConfigurationList;
			buildConfigurations = (
				05C62FCF2D7C4F7400C42DB7 /* Debug */,
				05C62FD02D7C4F7400C42DB7 /* Release */,
			);
			defaultConfigurationIsVisible = 0;
			defaultConfigurationName = Release;
		};
/* End XCConfigurationList section */
	};
	rootObject = 050070D52D7C2DF700C9449B /* Project object */;
}
